// !$*UTF8*$!
{
	archiveVersion = 1;
	classes = {
	};
	objectVersion = 55;
	objects = {

/* Begin PBXBuildFile section */
		3CAB5E9AA8111FF270C189B3 /* AddWalletModuleOutput.swift in Sources */ = {isa = PBXBuildFile; fileRef = ECBD2519CB33A54E080DDE1F /* AddWalletModuleOutput.swift */; };
		4F027C1A278F3FBD008A4B39 /* Transaction+CoreDataProperties.swift in Sources */ = {isa = PBXBuildFile; fileRef = 4F027C15278F3FBD008A4B39 /* Transaction+CoreDataProperties.swift */; };
		4F027C1B278F3FBD008A4B39 /* Transaction+CoreDataClass.swift in Sources */ = {isa = PBXBuildFile; fileRef = 4F027C16278F3FBD008A4B39 /* Transaction+CoreDataClass.swift */; };
		4F027C1C278F3FBD008A4B39 /* Wallet+CoreDataProperties.swift in Sources */ = {isa = PBXBuildFile; fileRef = 4F027C18278F3FBD008A4B39 /* Wallet+CoreDataProperties.swift */; };
		4F027C1D278F3FBD008A4B39 /* Wallet+CoreDataClass.swift in Sources */ = {isa = PBXBuildFile; fileRef = 4F027C19278F3FBD008A4B39 /* Wallet+CoreDataClass.swift */; };
		4F0D486127959FD9008FF92D /* UIView.swift in Sources */ = {isa = PBXBuildFile; fileRef = 4F0D486027959FD9008FF92D /* UIView.swift */; };
		4F0D489F2796E983008FF92D /* WalletSettingsViewController.swift in Sources */ = {isa = PBXBuildFile; fileRef = 4F0D489D2796E983008FF92D /* WalletSettingsViewController.swift */; };
		4F0D48A02796E983008FF92D /* WalletSettingsViewController.xib in Resources */ = {isa = PBXBuildFile; fileRef = 4F0D489E2796E983008FF92D /* WalletSettingsViewController.xib */; };
		4F0D48A32796F306008FF92D /* ColorTheme.swift in Sources */ = {isa = PBXBuildFile; fileRef = 4F0D48A22796F306008FF92D /* ColorTheme.swift */; };
		4F0D48A62796F8AE008FF92D /* ColorThemeManager.swift in Sources */ = {isa = PBXBuildFile; fileRef = 4F0D48A52796F8AE008FF92D /* ColorThemeManager.swift */; };
		4F0D48A827971652008FF92D /* ThemeView.swift in Sources */ = {isa = PBXBuildFile; fileRef = 4F0D48A727971652008FF92D /* ThemeView.swift */; };
		4F0D48AA27983FFB008FF92D /* BackgroundPresentable.swift in Sources */ = {isa = PBXBuildFile; fileRef = 4F0D48A927983FFB008FF92D /* BackgroundPresentable.swift */; };
		4F0D48AC279842BF008FF92D /* BackgroundViewType.swift in Sources */ = {isa = PBXBuildFile; fileRef = 4F0D48AB279842BF008FF92D /* BackgroundViewType.swift */; };
		4F0D48AF27996BF6008FF92D /* TextField.swift in Sources */ = {isa = PBXBuildFile; fileRef = 4F0D48AE27996BF6008FF92D /* TextField.swift */; };
		4F0D48B12799BFDD008FF92D /* WalletSettingsPreseneterType.swift in Sources */ = {isa = PBXBuildFile; fileRef = 4F0D48B02799BFDD008FF92D /* WalletSettingsPreseneterType.swift */; };
		4F1300FA2787BBFF0003E6B2 /* AppDelegate.swift in Sources */ = {isa = PBXBuildFile; fileRef = 4F1300F92787BBFF0003E6B2 /* AppDelegate.swift */; };
		4F1300FC2787BBFF0003E6B2 /* SceneDelegate.swift in Sources */ = {isa = PBXBuildFile; fileRef = 4F1300FB2787BBFF0003E6B2 /* SceneDelegate.swift */; };
		4F1301042787BBFF0003E6B2 /* RSSchool_T12.xcdatamodeld in Sources */ = {isa = PBXBuildFile; fileRef = 4F1301022787BBFF0003E6B2 /* RSSchool_T12.xcdatamodeld */; };
		4F1301062787BC010003E6B2 /* Assets.xcassets in Resources */ = {isa = PBXBuildFile; fileRef = 4F1301052787BC010003E6B2 /* Assets.xcassets */; };
		4F1301092787BC010003E6B2 /* LaunchScreen.storyboard in Resources */ = {isa = PBXBuildFile; fileRef = 4F1301072787BC010003E6B2 /* LaunchScreen.storyboard */; };
		4F1301142787BC010003E6B2 /* RSSchool_T12Tests.swift in Sources */ = {isa = PBXBuildFile; fileRef = 4F1301132787BC010003E6B2 /* RSSchool_T12Tests.swift */; };
		4F13011E2787BC010003E6B2 /* RSSchool_T12UITests.swift in Sources */ = {isa = PBXBuildFile; fileRef = 4F13011D2787BC010003E6B2 /* RSSchool_T12UITests.swift */; };
		4F1301202787BC010003E6B2 /* RSSchool_T12UITestsLaunchTests.swift in Sources */ = {isa = PBXBuildFile; fileRef = 4F13011F2787BC010003E6B2 /* RSSchool_T12UITestsLaunchTests.swift */; };
		4F13013D2787BDBF0003E6B2 /* UIColor + Assets.swift in Sources */ = {isa = PBXBuildFile; fileRef = 4F13013A2787BDBF0003E6B2 /* UIColor + Assets.swift */; };
		4F13013E2787BDBF0003E6B2 /* UIFont.swift in Sources */ = {isa = PBXBuildFile; fileRef = 4F13013B2787BDBF0003E6B2 /* UIFont.swift */; };
		4F13013F2787BDBF0003E6B2 /* UIImage + Assets.swift in Sources */ = {isa = PBXBuildFile; fileRef = 4F13013C2787BDBF0003E6B2 /* UIImage + Assets.swift */; };
		4F4665FB278F84D400228418 /* NavigationBar.swift in Sources */ = {isa = PBXBuildFile; fileRef = 4F4665FA278F84D400228418 /* NavigationBar.swift */; };
		4F4665FD278F84DF00228418 /* NavigationBar.xib in Resources */ = {isa = PBXBuildFile; fileRef = 4F4665FC278F84DF00228418 /* NavigationBar.xib */; };
		4F466601279058E900228418 /* BarButton.swift in Sources */ = {isa = PBXBuildFile; fileRef = 4F466600279058E900228418 /* BarButton.swift */; };
		4F4666072791F9AB00228418 /* GlassView.swift in Sources */ = {isa = PBXBuildFile; fileRef = 4F4666062791F9AB00228418 /* GlassView.swift */; };
		4F46660F279218EF00228418 /* Montserrat-Medium.ttf in Resources */ = {isa = PBXBuildFile; fileRef = 4F1301462787BEA40003E6B2 /* Montserrat-Medium.ttf */; };
		4F466610279218F100228418 /* Montserrat-Regular.ttf in Resources */ = {isa = PBXBuildFile; fileRef = 4F1301472787BEBC0003E6B2 /* Montserrat-Regular.ttf */; };
		4F466611279218F300228418 /* Montserrat-SemiBold.ttf in Resources */ = {isa = PBXBuildFile; fileRef = 4F1301442787BEA40003E6B2 /* Montserrat-SemiBold.ttf */; };
		4F68F335278CABF0002E7859 /* AppCoordinator.swift in Sources */ = {isa = PBXBuildFile; fileRef = 4F68F334278CABF0002E7859 /* AppCoordinator.swift */; };
		4F68F337278CACD4002E7859 /* CoordinatorFactory.swift in Sources */ = {isa = PBXBuildFile; fileRef = 4F68F336278CACD4002E7859 /* CoordinatorFactory.swift */; };
		4F68F339278CAD9C002E7859 /* Routable.swift in Sources */ = {isa = PBXBuildFile; fileRef = 4F68F338278CAD9C002E7859 /* Routable.swift */; };
		4F68F33B278CADC6002E7859 /* Presentable.swift in Sources */ = {isa = PBXBuildFile; fileRef = 4F68F33A278CADC6002E7859 /* Presentable.swift */; };
		4F68F33D278CAE40002E7859 /* Constants.swift in Sources */ = {isa = PBXBuildFile; fileRef = 4F68F33C278CAE40002E7859 /* Constants.swift */; };
		4F68F341278CB049002E7859 /* MainCoordinator.swift in Sources */ = {isa = PBXBuildFile; fileRef = 4F68F340278CB049002E7859 /* MainCoordinator.swift */; };
		4F68F344278CB2E7002E7859 /* CoordinatorFactoryProtocol.swift in Sources */ = {isa = PBXBuildFile; fileRef = 4F68F343278CB2E7002E7859 /* CoordinatorFactoryProtocol.swift */; };
		4F68F34E278CB4DB002E7859 /* MainCoordinatorOutput.swift in Sources */ = {isa = PBXBuildFile; fileRef = 4F68F34D278CB4DB002E7859 /* MainCoordinatorOutput.swift */; };
		4F68F352278CC914002E7859 /* Router.swift in Sources */ = {isa = PBXBuildFile; fileRef = 4F68F351278CC914002E7859 /* Router.swift */; };
		4F68F354278DA698002E7859 /* UIApplication.swift in Sources */ = {isa = PBXBuildFile; fileRef = 4F68F353278DA698002E7859 /* UIApplication.swift */; };
		4FCF2622278CA8CD002C3E04 /* BaseCoordinator.swift in Sources */ = {isa = PBXBuildFile; fileRef = 4FCF2621278CA8CD002C3E04 /* BaseCoordinator.swift */; };
		4FCF2624278CA907002C3E04 /* Coordinatable.swift in Sources */ = {isa = PBXBuildFile; fileRef = 4FCF2623278CA907002C3E04 /* Coordinatable.swift */; };
		53E2862CB967D2D15281F9B9 /* WalletSettingsViewInput.swift in Sources */ = {isa = PBXBuildFile; fileRef = 9252D5CD08C90ED47EA5CB9A /* WalletSettingsViewInput.swift */; };
		84EF12AF53D36C4A9D9ED12E /* WalletSettingsModuleConfigurator.swift in Sources */ = {isa = PBXBuildFile; fileRef = 9D2887074F007B1C6BF5937A /* WalletSettingsModuleConfigurator.swift */; };
		8F1635240987BB10C27FC103 /* AddWalletModuleInput.swift in Sources */ = {isa = PBXBuildFile; fileRef = 7880E1702E096EC5C3AE49F0 /* AddWalletModuleInput.swift */; };
		9FB7892A597DA8F8FA11A295 /* WalletSettingsViewOutput.swift in Sources */ = {isa = PBXBuildFile; fileRef = E6701DDBB21067B9FF41BFB4 /* WalletSettingsViewOutput.swift */; };
		F22B1F1FE9313CF3A197F185 /* AddWalletPresenter.swift in Sources */ = {isa = PBXBuildFile; fileRef = 3E6B9DCE609CB31C37283485 /* AddWalletPresenter.swift */; };
/* End PBXBuildFile section */

/* Begin PBXContainerItemProxy section */
		4F1301102787BC010003E6B2 /* PBXContainerItemProxy */ = {
			isa = PBXContainerItemProxy;
			containerPortal = 4F1300EE2787BBFF0003E6B2 /* Project object */;
			proxyType = 1;
			remoteGlobalIDString = 4F1300F52787BBFF0003E6B2;
			remoteInfo = RSSchool_T12;
		};
		4F13011A2787BC010003E6B2 /* PBXContainerItemProxy */ = {
			isa = PBXContainerItemProxy;
			containerPortal = 4F1300EE2787BBFF0003E6B2 /* Project object */;
			proxyType = 1;
			remoteGlobalIDString = 4F1300F52787BBFF0003E6B2;
			remoteInfo = RSSchool_T12;
		};
/* End PBXContainerItemProxy section */

/* Begin PBXFileReference section */
		3E6B9DCE609CB31C37283485 /* AddWalletPresenter.swift */ = {isa = PBXFileReference; includeInIndex = 1; lastKnownFileType = sourcecode.swift; path = AddWalletPresenter.swift; sourceTree = "<group>"; };
		4F027C15278F3FBD008A4B39 /* Transaction+CoreDataProperties.swift */ = {isa = PBXFileReference; fileEncoding = 4; lastKnownFileType = sourcecode.swift; path = "Transaction+CoreDataProperties.swift"; sourceTree = "<group>"; };
		4F027C16278F3FBD008A4B39 /* Transaction+CoreDataClass.swift */ = {isa = PBXFileReference; fileEncoding = 4; lastKnownFileType = sourcecode.swift; path = "Transaction+CoreDataClass.swift"; sourceTree = "<group>"; };
		4F027C18278F3FBD008A4B39 /* Wallet+CoreDataProperties.swift */ = {isa = PBXFileReference; fileEncoding = 4; lastKnownFileType = sourcecode.swift; path = "Wallet+CoreDataProperties.swift"; sourceTree = "<group>"; };
		4F027C19278F3FBD008A4B39 /* Wallet+CoreDataClass.swift */ = {isa = PBXFileReference; fileEncoding = 4; lastKnownFileType = sourcecode.swift; path = "Wallet+CoreDataClass.swift"; sourceTree = "<group>"; };
		4F0D485E27921A5B008FF92D /* Info.plist */ = {isa = PBXFileReference; fileEncoding = 4; lastKnownFileType = text.plist.xml; path = Info.plist; sourceTree = "<group>"; };
		4F0D486027959FD9008FF92D /* UIView.swift */ = {isa = PBXFileReference; lastKnownFileType = sourcecode.swift; path = UIView.swift; sourceTree = "<group>"; };
		4F0D489D2796E983008FF92D /* WalletSettingsViewController.swift */ = {isa = PBXFileReference; lastKnownFileType = sourcecode.swift; path = WalletSettingsViewController.swift; sourceTree = "<group>"; };
		4F0D489E2796E983008FF92D /* WalletSettingsViewController.xib */ = {isa = PBXFileReference; lastKnownFileType = file.xib; path = WalletSettingsViewController.xib; sourceTree = "<group>"; };
		4F0D48A22796F306008FF92D /* ColorTheme.swift */ = {isa = PBXFileReference; lastKnownFileType = sourcecode.swift; path = ColorTheme.swift; sourceTree = "<group>"; };
		4F0D48A52796F8AE008FF92D /* ColorThemeManager.swift */ = {isa = PBXFileReference; lastKnownFileType = sourcecode.swift; path = ColorThemeManager.swift; sourceTree = "<group>"; };
		4F0D48A727971652008FF92D /* ThemeView.swift */ = {isa = PBXFileReference; lastKnownFileType = sourcecode.swift; path = ThemeView.swift; sourceTree = "<group>"; };
		4F0D48A927983FFB008FF92D /* BackgroundPresentable.swift */ = {isa = PBXFileReference; lastKnownFileType = sourcecode.swift; path = BackgroundPresentable.swift; sourceTree = "<group>"; };
		4F0D48AB279842BF008FF92D /* BackgroundViewType.swift */ = {isa = PBXFileReference; lastKnownFileType = sourcecode.swift; path = BackgroundViewType.swift; sourceTree = "<group>"; };
		4F0D48AE27996BF6008FF92D /* TextField.swift */ = {isa = PBXFileReference; lastKnownFileType = sourcecode.swift; path = TextField.swift; sourceTree = "<group>"; };
		4F0D48B02799BFDD008FF92D /* WalletSettingsPreseneterType.swift */ = {isa = PBXFileReference; lastKnownFileType = sourcecode.swift; path = WalletSettingsPreseneterType.swift; sourceTree = "<group>"; };
		4F1300F62787BBFF0003E6B2 /* RSSchool_T12.app */ = {isa = PBXFileReference; explicitFileType = wrapper.application; includeInIndex = 0; path = RSSchool_T12.app; sourceTree = BUILT_PRODUCTS_DIR; };
		4F1300F92787BBFF0003E6B2 /* AppDelegate.swift */ = {isa = PBXFileReference; lastKnownFileType = sourcecode.swift; path = AppDelegate.swift; sourceTree = "<group>"; };
		4F1300FB2787BBFF0003E6B2 /* SceneDelegate.swift */ = {isa = PBXFileReference; lastKnownFileType = sourcecode.swift; path = SceneDelegate.swift; sourceTree = "<group>"; };
		4F1301032787BBFF0003E6B2 /* RSSchool_T12.xcdatamodel */ = {isa = PBXFileReference; lastKnownFileType = wrapper.xcdatamodel; path = RSSchool_T12.xcdatamodel; sourceTree = "<group>"; };
		4F1301052787BC010003E6B2 /* Assets.xcassets */ = {isa = PBXFileReference; lastKnownFileType = folder.assetcatalog; path = Assets.xcassets; sourceTree = "<group>"; };
		4F1301082787BC010003E6B2 /* Base */ = {isa = PBXFileReference; lastKnownFileType = file.storyboard; name = Base; path = Base.lproj/LaunchScreen.storyboard; sourceTree = "<group>"; };
		4F13010F2787BC010003E6B2 /* RSSchool_T12Tests.xctest */ = {isa = PBXFileReference; explicitFileType = wrapper.cfbundle; includeInIndex = 0; path = RSSchool_T12Tests.xctest; sourceTree = BUILT_PRODUCTS_DIR; };
		4F1301132787BC010003E6B2 /* RSSchool_T12Tests.swift */ = {isa = PBXFileReference; lastKnownFileType = sourcecode.swift; path = RSSchool_T12Tests.swift; sourceTree = "<group>"; };
		4F1301192787BC010003E6B2 /* RSSchool_T12UITests.xctest */ = {isa = PBXFileReference; explicitFileType = wrapper.cfbundle; includeInIndex = 0; path = RSSchool_T12UITests.xctest; sourceTree = BUILT_PRODUCTS_DIR; };
		4F13011D2787BC010003E6B2 /* RSSchool_T12UITests.swift */ = {isa = PBXFileReference; lastKnownFileType = sourcecode.swift; path = RSSchool_T12UITests.swift; sourceTree = "<group>"; };
		4F13011F2787BC010003E6B2 /* RSSchool_T12UITestsLaunchTests.swift */ = {isa = PBXFileReference; lastKnownFileType = sourcecode.swift; path = RSSchool_T12UITestsLaunchTests.swift; sourceTree = "<group>"; };
		4F13013A2787BDBF0003E6B2 /* UIColor + Assets.swift */ = {isa = PBXFileReference; fileEncoding = 4; lastKnownFileType = sourcecode.swift; path = "UIColor + Assets.swift"; sourceTree = "<group>"; };
		4F13013B2787BDBF0003E6B2 /* UIFont.swift */ = {isa = PBXFileReference; fileEncoding = 4; lastKnownFileType = sourcecode.swift; path = UIFont.swift; sourceTree = "<group>"; };
		4F13013C2787BDBF0003E6B2 /* UIImage + Assets.swift */ = {isa = PBXFileReference; fileEncoding = 4; lastKnownFileType = sourcecode.swift; path = "UIImage + Assets.swift"; sourceTree = "<group>"; };
		4F1301442787BEA40003E6B2 /* Montserrat-SemiBold.ttf */ = {isa = PBXFileReference; lastKnownFileType = file; path = "Montserrat-SemiBold.ttf"; sourceTree = "<group>"; };
		4F1301462787BEA40003E6B2 /* Montserrat-Medium.ttf */ = {isa = PBXFileReference; lastKnownFileType = file; path = "Montserrat-Medium.ttf"; sourceTree = "<group>"; };
		4F1301472787BEBC0003E6B2 /* Montserrat-Regular.ttf */ = {isa = PBXFileReference; lastKnownFileType = file; path = "Montserrat-Regular.ttf"; sourceTree = "<group>"; };
		4F4665FA278F84D400228418 /* NavigationBar.swift */ = {isa = PBXFileReference; lastKnownFileType = sourcecode.swift; path = NavigationBar.swift; sourceTree = "<group>"; };
		4F4665FC278F84DF00228418 /* NavigationBar.xib */ = {isa = PBXFileReference; lastKnownFileType = file.xib; path = NavigationBar.xib; sourceTree = "<group>"; };
		4F466600279058E900228418 /* BarButton.swift */ = {isa = PBXFileReference; lastKnownFileType = sourcecode.swift; path = BarButton.swift; sourceTree = "<group>"; };
		4F4666062791F9AB00228418 /* GlassView.swift */ = {isa = PBXFileReference; lastKnownFileType = sourcecode.swift; path = GlassView.swift; sourceTree = "<group>"; };
		4F68F334278CABF0002E7859 /* AppCoordinator.swift */ = {isa = PBXFileReference; lastKnownFileType = sourcecode.swift; path = AppCoordinator.swift; sourceTree = "<group>"; };
		4F68F336278CACD4002E7859 /* CoordinatorFactory.swift */ = {isa = PBXFileReference; lastKnownFileType = sourcecode.swift; path = CoordinatorFactory.swift; sourceTree = "<group>"; };
		4F68F338278CAD9C002E7859 /* Routable.swift */ = {isa = PBXFileReference; lastKnownFileType = sourcecode.swift; path = Routable.swift; sourceTree = "<group>"; };
		4F68F33A278CADC6002E7859 /* Presentable.swift */ = {isa = PBXFileReference; lastKnownFileType = sourcecode.swift; path = Presentable.swift; sourceTree = "<group>"; };
		4F68F33C278CAE40002E7859 /* Constants.swift */ = {isa = PBXFileReference; lastKnownFileType = sourcecode.swift; path = Constants.swift; sourceTree = "<group>"; };
		4F68F340278CB049002E7859 /* MainCoordinator.swift */ = {isa = PBXFileReference; lastKnownFileType = sourcecode.swift; path = MainCoordinator.swift; sourceTree = "<group>"; };
		4F68F343278CB2E7002E7859 /* CoordinatorFactoryProtocol.swift */ = {isa = PBXFileReference; lastKnownFileType = sourcecode.swift; path = CoordinatorFactoryProtocol.swift; sourceTree = "<group>"; };
		4F68F34D278CB4DB002E7859 /* MainCoordinatorOutput.swift */ = {isa = PBXFileReference; lastKnownFileType = sourcecode.swift; path = MainCoordinatorOutput.swift; sourceTree = "<group>"; };
		4F68F351278CC914002E7859 /* Router.swift */ = {isa = PBXFileReference; lastKnownFileType = sourcecode.swift; path = Router.swift; sourceTree = "<group>"; };
		4F68F353278DA698002E7859 /* UIApplication.swift */ = {isa = PBXFileReference; lastKnownFileType = sourcecode.swift; path = UIApplication.swift; sourceTree = "<group>"; };
		4FCF2621278CA8CD002C3E04 /* BaseCoordinator.swift */ = {isa = PBXFileReference; lastKnownFileType = sourcecode.swift; path = BaseCoordinator.swift; sourceTree = "<group>"; };
		4FCF2623278CA907002C3E04 /* Coordinatable.swift */ = {isa = PBXFileReference; lastKnownFileType = sourcecode.swift; path = Coordinatable.swift; sourceTree = "<group>"; };
		7880E1702E096EC5C3AE49F0 /* AddWalletModuleInput.swift */ = {isa = PBXFileReference; includeInIndex = 1; lastKnownFileType = sourcecode.swift; path = AddWalletModuleInput.swift; sourceTree = "<group>"; };
		9252D5CD08C90ED47EA5CB9A /* WalletSettingsViewInput.swift */ = {isa = PBXFileReference; includeInIndex = 1; lastKnownFileType = sourcecode.swift; path = WalletSettingsViewInput.swift; sourceTree = "<group>"; };
		9D2887074F007B1C6BF5937A /* WalletSettingsModuleConfigurator.swift */ = {isa = PBXFileReference; includeInIndex = 1; lastKnownFileType = sourcecode.swift; path = WalletSettingsModuleConfigurator.swift; sourceTree = "<group>"; };
		E6701DDBB21067B9FF41BFB4 /* WalletSettingsViewOutput.swift */ = {isa = PBXFileReference; includeInIndex = 1; lastKnownFileType = sourcecode.swift; path = WalletSettingsViewOutput.swift; sourceTree = "<group>"; };
		ECBD2519CB33A54E080DDE1F /* AddWalletModuleOutput.swift */ = {isa = PBXFileReference; includeInIndex = 1; lastKnownFileType = sourcecode.swift; path = AddWalletModuleOutput.swift; sourceTree = "<group>"; };
/* End PBXFileReference section */

/* Begin PBXFrameworksBuildPhase section */
		4F1300F32787BBFF0003E6B2 /* Frameworks */ = {
			isa = PBXFrameworksBuildPhase;
			buildActionMask = 2147483647;
			files = (
			);
			runOnlyForDeploymentPostprocessing = 0;
		};
		4F13010C2787BC010003E6B2 /* Frameworks */ = {
			isa = PBXFrameworksBuildPhase;
			buildActionMask = 2147483647;
			files = (
			);
			runOnlyForDeploymentPostprocessing = 0;
		};
		4F1301162787BC010003E6B2 /* Frameworks */ = {
			isa = PBXFrameworksBuildPhase;
			buildActionMask = 2147483647;
			files = (
			);
			runOnlyForDeploymentPostprocessing = 0;
		};
/* End PBXFrameworksBuildPhase section */

/* Begin PBXGroup section */
		2FF3BB7C9B16AE2F93F4D3C9 /* Presenter */ = {
			isa = PBXGroup;
			children = (
				662C5BEB960377BDFEC126E3 /* AddWallet */,
			);
			path = Presenter;
			sourceTree = "<group>";
		};
		4F027C13278F3FBD008A4B39 /* Models */ = {
			isa = PBXGroup;
			children = (
				4F027C1E278F3FC3008A4B39 /* CoreData */,
				4F0D48A22796F306008FF92D /* ColorTheme.swift */,
			);
			path = Models;
			sourceTree = "<group>";
		};
		4F027C14278F3FBD008A4B39 /* Transaction */ = {
			isa = PBXGroup;
			children = (
				4F027C15278F3FBD008A4B39 /* Transaction+CoreDataProperties.swift */,
				4F027C16278F3FBD008A4B39 /* Transaction+CoreDataClass.swift */,
			);
			path = Transaction;
			sourceTree = "<group>";
		};
		4F027C17278F3FBD008A4B39 /* Wallet */ = {
			isa = PBXGroup;
			children = (
				4F027C18278F3FBD008A4B39 /* Wallet+CoreDataProperties.swift */,
				4F027C19278F3FBD008A4B39 /* Wallet+CoreDataClass.swift */,
			);
			path = Wallet;
			sourceTree = "<group>";
		};
		4F027C1E278F3FC3008A4B39 /* CoreData */ = {
			isa = PBXGroup;
			children = (
				4F027C14278F3FBD008A4B39 /* Transaction */,
				4F027C17278F3FBD008A4B39 /* Wallet */,
			);
			path = CoreData;
			sourceTree = "<group>";
		};
		4F0D48A42796F895008FF92D /* Managers */ = {
			isa = PBXGroup;
			children = (
				4F0D48A52796F8AE008FF92D /* ColorThemeManager.swift */,
			);
			path = Managers;
			sourceTree = "<group>";
		};
		4F0D48AD279846F0008FF92D /* Background */ = {
			isa = PBXGroup;
			children = (
				4F0D48AB279842BF008FF92D /* BackgroundViewType.swift */,
				4F0D48A927983FFB008FF92D /* BackgroundPresentable.swift */,
			);
			path = Background;
			sourceTree = "<group>";
		};
		4F1300ED2787BBFF0003E6B2 = {
			isa = PBXGroup;
			children = (
				4F1300F82787BBFF0003E6B2 /* RSSchool_T12 */,
				4F1301122787BC010003E6B2 /* RSSchool_T12Tests */,
				4F13011C2787BC010003E6B2 /* RSSchool_T12UITests */,
				4F1300F72787BBFF0003E6B2 /* Products */,
			);
			sourceTree = "<group>";
		};
		4F1300F72787BBFF0003E6B2 /* Products */ = {
			isa = PBXGroup;
			children = (
				4F1300F62787BBFF0003E6B2 /* RSSchool_T12.app */,
				4F13010F2787BC010003E6B2 /* RSSchool_T12Tests.xctest */,
				4F1301192787BC010003E6B2 /* RSSchool_T12UITests.xctest */,
			);
			name = Products;
			sourceTree = "<group>";
		};
		4F1300F82787BBFF0003E6B2 /* RSSchool_T12 */ = {
			isa = PBXGroup;
			children = (
				4F0D48A42796F895008FF92D /* Managers */,
				4F027C13278F3FBD008A4B39 /* Models */,
				4F68F34B278CB4A8002E7859 /* Modules */,
				4F1301382787BDBF0003E6B2 /* Library */,
				4F1301402787BDCE0003E6B2 /* Resources */,
				4FCF261F278CA88C002C3E04 /* Application */,
				4F1301022787BBFF0003E6B2 /* RSSchool_T12.xcdatamodeld */,
			);
			path = RSSchool_T12;
			sourceTree = "<group>";
		};
		4F1301122787BC010003E6B2 /* RSSchool_T12Tests */ = {
			isa = PBXGroup;
			children = (
				4F1301132787BC010003E6B2 /* RSSchool_T12Tests.swift */,
			);
			path = RSSchool_T12Tests;
			sourceTree = "<group>";
		};
		4F13011C2787BC010003E6B2 /* RSSchool_T12UITests */ = {
			isa = PBXGroup;
			children = (
				4F13011D2787BC010003E6B2 /* RSSchool_T12UITests.swift */,
				4F13011F2787BC010003E6B2 /* RSSchool_T12UITestsLaunchTests.swift */,
			);
			path = RSSchool_T12UITests;
			sourceTree = "<group>";
		};
		4F1301382787BDBF0003E6B2 /* Library */ = {
			isa = PBXGroup;
			children = (
				4F4665F8278F849F00228418 /* Views */,
				4F68F356278DDCC0002E7859 /* Base */,
				4F68F342278CB2CA002E7859 /* Factories */,
				4F68F350278CC909002E7859 /* Helpers */,
				4F68F34A278CB398002E7859 /* Protocols */,
				4F1301392787BDBF0003E6B2 /* Extensions */,
			);
			path = Library;
			sourceTree = "<group>";
		};
		4F1301392787BDBF0003E6B2 /* Extensions */ = {
			isa = PBXGroup;
			children = (
				4F13013A2787BDBF0003E6B2 /* UIColor + Assets.swift */,
				4F13013B2787BDBF0003E6B2 /* UIFont.swift */,
				4F13013C2787BDBF0003E6B2 /* UIImage + Assets.swift */,
				4F68F353278DA698002E7859 /* UIApplication.swift */,
				4F0D486027959FD9008FF92D /* UIView.swift */,
			);
			path = Extensions;
			sourceTree = "<group>";
		};
		4F1301402787BDCE0003E6B2 /* Resources */ = {
			isa = PBXGroup;
			children = (
				4F1301422787BDCE0003E6B2 /* Fonts */,
				4F1301052787BC010003E6B2 /* Assets.xcassets */,
				4F68F33C278CAE40002E7859 /* Constants.swift */,
			);
			path = Resources;
			sourceTree = "<group>";
		};
		4F1301422787BDCE0003E6B2 /* Fonts */ = {
			isa = PBXGroup;
			children = (
				4F1301462787BEA40003E6B2 /* Montserrat-Medium.ttf */,
				4F1301472787BEBC0003E6B2 /* Montserrat-Regular.ttf */,
				4F1301442787BEA40003E6B2 /* Montserrat-SemiBold.ttf */,
			);
			path = Fonts;
			sourceTree = "<group>";
		};
		4F4665F8278F849F00228418 /* Views */ = {
			isa = PBXGroup;
			children = (
				4F4665F9278F84AA00228418 /* NavigationBar */,
				4F466600279058E900228418 /* BarButton.swift */,
				4F4666062791F9AB00228418 /* GlassView.swift */,
				4F0D48A727971652008FF92D /* ThemeView.swift */,
				4F0D48AE27996BF6008FF92D /* TextField.swift */,
			);
			path = Views;
			sourceTree = "<group>";
		};
		4F4665F9278F84AA00228418 /* NavigationBar */ = {
			isa = PBXGroup;
			children = (
				4F4665FA278F84D400228418 /* NavigationBar.swift */,
				4F4665FC278F84DF00228418 /* NavigationBar.xib */,
			);
			path = NavigationBar;
			sourceTree = "<group>";
		};
		4F68F342278CB2CA002E7859 /* Factories */ = {
			isa = PBXGroup;
			children = (
				4F68F345278CB302002E7859 /* Coordinator */,
			);
			path = Factories;
			sourceTree = "<group>";
		};
		4F68F345278CB302002E7859 /* Coordinator */ = {
			isa = PBXGroup;
			children = (
				4F68F343278CB2E7002E7859 /* CoordinatorFactoryProtocol.swift */,
				4F68F336278CACD4002E7859 /* CoordinatorFactory.swift */,
			);
			path = Coordinator;
			sourceTree = "<group>";
		};
		4F68F34A278CB398002E7859 /* Protocols */ = {
			isa = PBXGroup;
			children = (
				4FCF2623278CA907002C3E04 /* Coordinatable.swift */,
				4F68F338278CAD9C002E7859 /* Routable.swift */,
				4F68F33A278CADC6002E7859 /* Presentable.swift */,
				4F0D48AD279846F0008FF92D /* Background */,
			);
			path = Protocols;
			sourceTree = "<group>";
		};
		4F68F34B278CB4A8002E7859 /* Modules */ = {
			isa = PBXGroup;
			children = (
				4F68F355278DDBC9002E7859 /* Flows */,
			);
			path = Modules;
			sourceTree = "<group>";
		};
		4F68F34C278CB4AE002E7859 /* Main */ = {
			isa = PBXGroup;
			children = (
				4F68F34F278CC3AD002E7859 /* Coordinator */,
				EB1B0F11243035DAD1CB64BE /* WalletSettings */,
			);
			path = Main;
			sourceTree = "<group>";
		};
		4F68F34F278CC3AD002E7859 /* Coordinator */ = {
			isa = PBXGroup;
			children = (
				4F68F34D278CB4DB002E7859 /* MainCoordinatorOutput.swift */,
				4F68F340278CB049002E7859 /* MainCoordinator.swift */,
			);
			path = Coordinator;
			sourceTree = "<group>";
		};
		4F68F350278CC909002E7859 /* Helpers */ = {
			isa = PBXGroup;
			children = (
				4F68F351278CC914002E7859 /* Router.swift */,
			);
			path = Helpers;
			sourceTree = "<group>";
		};
		4F68F355278DDBC9002E7859 /* Flows */ = {
			isa = PBXGroup;
			children = (
				4F68F34C278CB4AE002E7859 /* Main */,
			);
			path = Flows;
			sourceTree = "<group>";
		};
		4F68F356278DDCC0002E7859 /* Base */ = {
			isa = PBXGroup;
			children = (
				4FCF2621278CA8CD002C3E04 /* BaseCoordinator.swift */,
			);
			path = Base;
			sourceTree = "<group>";
		};
		4FCF261F278CA88C002C3E04 /* Application */ = {
			isa = PBXGroup;
			children = (
				4F1300F92787BBFF0003E6B2 /* AppDelegate.swift */,
				4F1300FB2787BBFF0003E6B2 /* SceneDelegate.swift */,
				4F68F334278CABF0002E7859 /* AppCoordinator.swift */,
				4F0D485E27921A5B008FF92D /* Info.plist */,
				4F1301072787BC010003E6B2 /* LaunchScreen.storyboard */,
			);
			path = Application;
			sourceTree = "<group>";
		};
		662C5BEB960377BDFEC126E3 /* AddWallet */ = {
			isa = PBXGroup;
			children = (
				3E6B9DCE609CB31C37283485 /* AddWalletPresenter.swift */,
				7880E1702E096EC5C3AE49F0 /* AddWalletModuleInput.swift */,
				ECBD2519CB33A54E080DDE1F /* AddWalletModuleOutput.swift */,
			);
			path = AddWallet;
			sourceTree = "<group>";
		};
		9648656655681C7498DACAA9 /* View */ = {
			isa = PBXGroup;
			children = (
				9252D5CD08C90ED47EA5CB9A /* WalletSettingsViewInput.swift */,
				E6701DDBB21067B9FF41BFB4 /* WalletSettingsViewOutput.swift */,
				4F0D489D2796E983008FF92D /* WalletSettingsViewController.swift */,
				4F0D489E2796E983008FF92D /* WalletSettingsViewController.xib */,
			);
			path = View;
			sourceTree = "<group>";
		};
		BA5B675E302E0FAD2C147E2F /* Configurator */ = {
			isa = PBXGroup;
			children = (
				9D2887074F007B1C6BF5937A /* WalletSettingsModuleConfigurator.swift */,
			);
			path = Configurator;
			sourceTree = "<group>";
		};
		EB1B0F11243035DAD1CB64BE /* WalletSettings */ = {
			isa = PBXGroup;
			children = (
				BA5B675E302E0FAD2C147E2F /* Configurator */,
				2FF3BB7C9B16AE2F93F4D3C9 /* Presenter */,
				9648656655681C7498DACAA9 /* View */,
			);
			path = WalletSettings;
			sourceTree = "<group>";
		};
/* End PBXGroup section */

/* Begin PBXNativeTarget section */
		4F1300F52787BBFF0003E6B2 /* RSSchool_T12 */ = {
			isa = PBXNativeTarget;
			buildConfigurationList = 4F1301232787BC010003E6B2 /* Build configuration list for PBXNativeTarget "RSSchool_T12" */;
			buildPhases = (
				4F1300F22787BBFF0003E6B2 /* Sources */,
				4F1300F32787BBFF0003E6B2 /* Frameworks */,
				4F1300F42787BBFF0003E6B2 /* Resources */,
			);
			buildRules = (
			);
			dependencies = (
			);
			name = RSSchool_T12;
			productName = RSSchool_T12;
			productReference = 4F1300F62787BBFF0003E6B2 /* RSSchool_T12.app */;
			productType = "com.apple.product-type.application";
		};
		4F13010E2787BC010003E6B2 /* RSSchool_T12Tests */ = {
			isa = PBXNativeTarget;
			buildConfigurationList = 4F1301262787BC010003E6B2 /* Build configuration list for PBXNativeTarget "RSSchool_T12Tests" */;
			buildPhases = (
				4F13010B2787BC010003E6B2 /* Sources */,
				4F13010C2787BC010003E6B2 /* Frameworks */,
				4F13010D2787BC010003E6B2 /* Resources */,
			);
			buildRules = (
			);
			dependencies = (
				4F1301112787BC010003E6B2 /* PBXTargetDependency */,
			);
			name = RSSchool_T12Tests;
			productName = RSSchool_T12Tests;
			productReference = 4F13010F2787BC010003E6B2 /* RSSchool_T12Tests.xctest */;
			productType = "com.apple.product-type.bundle.unit-test";
		};
		4F1301182787BC010003E6B2 /* RSSchool_T12UITests */ = {
			isa = PBXNativeTarget;
			buildConfigurationList = 4F1301292787BC010003E6B2 /* Build configuration list for PBXNativeTarget "RSSchool_T12UITests" */;
			buildPhases = (
				4F1301152787BC010003E6B2 /* Sources */,
				4F1301162787BC010003E6B2 /* Frameworks */,
				4F1301172787BC010003E6B2 /* Resources */,
			);
			buildRules = (
			);
			dependencies = (
				4F13011B2787BC010003E6B2 /* PBXTargetDependency */,
			);
			name = RSSchool_T12UITests;
			productName = RSSchool_T12UITests;
			productReference = 4F1301192787BC010003E6B2 /* RSSchool_T12UITests.xctest */;
			productType = "com.apple.product-type.bundle.ui-testing";
		};
/* End PBXNativeTarget section */

/* Begin PBXProject section */
		4F1300EE2787BBFF0003E6B2 /* Project object */ = {
			isa = PBXProject;
			attributes = {
				BuildIndependentTargetsInParallel = 1;
				LastSwiftUpdateCheck = 1320;
				LastUpgradeCheck = 1320;
				TargetAttributes = {
					4F1300F52787BBFF0003E6B2 = {
						CreatedOnToolsVersion = 13.2.1;
					};
					4F13010E2787BC010003E6B2 = {
						CreatedOnToolsVersion = 13.2.1;
						TestTargetID = 4F1300F52787BBFF0003E6B2;
					};
					4F1301182787BC010003E6B2 = {
						CreatedOnToolsVersion = 13.2.1;
						TestTargetID = 4F1300F52787BBFF0003E6B2;
					};
				};
			};
			buildConfigurationList = 4F1300F12787BBFF0003E6B2 /* Build configuration list for PBXProject "RSSchool_T12" */;
			compatibilityVersion = "Xcode 13.0";
			developmentRegion = en;
			hasScannedForEncodings = 0;
			knownRegions = (
				en,
				Base,
			);
			mainGroup = 4F1300ED2787BBFF0003E6B2;
			productRefGroup = 4F1300F72787BBFF0003E6B2 /* Products */;
			projectDirPath = "";
			projectRoot = "";
			targets = (
				4F1300F52787BBFF0003E6B2 /* RSSchool_T12 */,
				4F13010E2787BC010003E6B2 /* RSSchool_T12Tests */,
				4F1301182787BC010003E6B2 /* RSSchool_T12UITests */,
			);
		};
/* End PBXProject section */

/* Begin PBXResourcesBuildPhase section */
		4F1300F42787BBFF0003E6B2 /* Resources */ = {
			isa = PBXResourcesBuildPhase;
			buildActionMask = 2147483647;
			files = (
				4F466610279218F100228418 /* Montserrat-Regular.ttf in Resources */,
				4F46660F279218EF00228418 /* Montserrat-Medium.ttf in Resources */,
				4F466611279218F300228418 /* Montserrat-SemiBold.ttf in Resources */,
				4F4665FD278F84DF00228418 /* NavigationBar.xib in Resources */,
				4F0D48A02796E983008FF92D /* WalletSettingsViewController.xib in Resources */,
				4F1301092787BC010003E6B2 /* LaunchScreen.storyboard in Resources */,
				4F1301062787BC010003E6B2 /* Assets.xcassets in Resources */,
			);
			runOnlyForDeploymentPostprocessing = 0;
		};
		4F13010D2787BC010003E6B2 /* Resources */ = {
			isa = PBXResourcesBuildPhase;
			buildActionMask = 2147483647;
			files = (
			);
			runOnlyForDeploymentPostprocessing = 0;
		};
		4F1301172787BC010003E6B2 /* Resources */ = {
			isa = PBXResourcesBuildPhase;
			buildActionMask = 2147483647;
			files = (
			);
			runOnlyForDeploymentPostprocessing = 0;
		};
/* End PBXResourcesBuildPhase section */

/* Begin PBXSourcesBuildPhase section */
		4F1300F22787BBFF0003E6B2 /* Sources */ = {
			isa = PBXSourcesBuildPhase;
			buildActionMask = 2147483647;
			files = (
				4F0D48A62796F8AE008FF92D /* ColorThemeManager.swift in Sources */,
				4F13013F2787BDBF0003E6B2 /* UIImage + Assets.swift in Sources */,
				4F027C1B278F3FBD008A4B39 /* Transaction+CoreDataClass.swift in Sources */,
				4F68F344278CB2E7002E7859 /* CoordinatorFactoryProtocol.swift in Sources */,
				4F13013D2787BDBF0003E6B2 /* UIColor + Assets.swift in Sources */,
				4F4665FB278F84D400228418 /* NavigationBar.swift in Sources */,
				4F1301042787BBFF0003E6B2 /* RSSchool_T12.xcdatamodeld in Sources */,
				4F1300FA2787BBFF0003E6B2 /* AppDelegate.swift in Sources */,
				4F68F352278CC914002E7859 /* Router.swift in Sources */,
				4F0D48AC279842BF008FF92D /* BackgroundViewType.swift in Sources */,
				4F0D48A32796F306008FF92D /* ColorTheme.swift in Sources */,
				4F68F339278CAD9C002E7859 /* Routable.swift in Sources */,
				4F027C1A278F3FBD008A4B39 /* Transaction+CoreDataProperties.swift in Sources */,
				4F68F354278DA698002E7859 /* UIApplication.swift in Sources */,
				4F68F33B278CADC6002E7859 /* Presentable.swift in Sources */,
				4F68F34E278CB4DB002E7859 /* MainCoordinatorOutput.swift in Sources */,
				4F0D489F2796E983008FF92D /* WalletSettingsViewController.swift in Sources */,
				4FCF2622278CA8CD002C3E04 /* BaseCoordinator.swift in Sources */,
				4F0D48AF27996BF6008FF92D /* TextField.swift in Sources */,
				4F68F33D278CAE40002E7859 /* Constants.swift in Sources */,
				4FCF2624278CA907002C3E04 /* Coordinatable.swift in Sources */,
				4F68F335278CABF0002E7859 /* AppCoordinator.swift in Sources */,
				4F13013E2787BDBF0003E6B2 /* UIFont.swift in Sources */,
				4F4666072791F9AB00228418 /* GlassView.swift in Sources */,
				4F027C1D278F3FBD008A4B39 /* Wallet+CoreDataClass.swift in Sources */,
				4F1300FC2787BBFF0003E6B2 /* SceneDelegate.swift in Sources */,
				4F466601279058E900228418 /* BarButton.swift in Sources */,
				4F68F341278CB049002E7859 /* MainCoordinator.swift in Sources */,
				4F0D48AA27983FFB008FF92D /* BackgroundPresentable.swift in Sources */,
				4F0D486127959FD9008FF92D /* UIView.swift in Sources */,
				4F68F337278CACD4002E7859 /* CoordinatorFactory.swift in Sources */,
				4F027C1C278F3FBD008A4B39 /* Wallet+CoreDataProperties.swift in Sources */,
				53E2862CB967D2D15281F9B9 /* WalletSettingsViewInput.swift in Sources */,
				9FB7892A597DA8F8FA11A295 /* WalletSettingsViewOutput.swift in Sources */,
				84EF12AF53D36C4A9D9ED12E /* WalletSettingsModuleConfigurator.swift in Sources */,
				F22B1F1FE9313CF3A197F185 /* AddWalletPresenter.swift in Sources */,
				8F1635240987BB10C27FC103 /* AddWalletModuleInput.swift in Sources */,
				4F0D48A827971652008FF92D /* ThemeView.swift in Sources */,
				3CAB5E9AA8111FF270C189B3 /* AddWalletModuleOutput.swift in Sources */,
			);
			runOnlyForDeploymentPostprocessing = 0;
		};
		4F13010B2787BC010003E6B2 /* Sources */ = {
			isa = PBXSourcesBuildPhase;
			buildActionMask = 2147483647;
			files = (
				4F1301142787BC010003E6B2 /* RSSchool_T12Tests.swift in Sources */,
			);
			runOnlyForDeploymentPostprocessing = 0;
		};
		4F1301152787BC010003E6B2 /* Sources */ = {
			isa = PBXSourcesBuildPhase;
			buildActionMask = 2147483647;
			files = (
				4F13011E2787BC010003E6B2 /* RSSchool_T12UITests.swift in Sources */,
				4F1301202787BC010003E6B2 /* RSSchool_T12UITestsLaunchTests.swift in Sources */,
			);
			runOnlyForDeploymentPostprocessing = 0;
		};
/* End PBXSourcesBuildPhase section */

/* Begin PBXTargetDependency section */
		4F1301112787BC010003E6B2 /* PBXTargetDependency */ = {
			isa = PBXTargetDependency;
			target = 4F1300F52787BBFF0003E6B2 /* RSSchool_T12 */;
			targetProxy = 4F1301102787BC010003E6B2 /* PBXContainerItemProxy */;
		};
		4F13011B2787BC010003E6B2 /* PBXTargetDependency */ = {
			isa = PBXTargetDependency;
			target = 4F1300F52787BBFF0003E6B2 /* RSSchool_T12 */;
			targetProxy = 4F13011A2787BC010003E6B2 /* PBXContainerItemProxy */;
		};
/* End PBXTargetDependency section */

/* Begin PBXVariantGroup section */
		4F1301072787BC010003E6B2 /* LaunchScreen.storyboard */ = {
			isa = PBXVariantGroup;
			children = (
				4F1301082787BC010003E6B2 /* Base */,
			);
			name = LaunchScreen.storyboard;
			sourceTree = "<group>";
		};
/* End PBXVariantGroup section */

/* Begin XCBuildConfiguration section */
		4F1301212787BC010003E6B2 /* Debug */ = {
			isa = XCBuildConfiguration;
			buildSettings = {
				ALWAYS_SEARCH_USER_PATHS = NO;
				CLANG_ANALYZER_NONNULL = YES;
				CLANG_ANALYZER_NUMBER_OBJECT_CONVERSION = YES_AGGRESSIVE;
				CLANG_CXX_LANGUAGE_STANDARD = "gnu++17";
				CLANG_CXX_LIBRARY = "libc++";
				CLANG_ENABLE_MODULES = YES;
				CLANG_ENABLE_OBJC_ARC = YES;
				CLANG_ENABLE_OBJC_WEAK = YES;
				CLANG_WARN_BLOCK_CAPTURE_AUTORELEASING = YES;
				CLANG_WARN_BOOL_CONVERSION = YES;
				CLANG_WARN_COMMA = YES;
				CLANG_WARN_CONSTANT_CONVERSION = YES;
				CLANG_WARN_DEPRECATED_OBJC_IMPLEMENTATIONS = YES;
				CLANG_WARN_DIRECT_OBJC_ISA_USAGE = YES_ERROR;
				CLANG_WARN_DOCUMENTATION_COMMENTS = YES;
				CLANG_WARN_EMPTY_BODY = YES;
				CLANG_WARN_ENUM_CONVERSION = YES;
				CLANG_WARN_INFINITE_RECURSION = YES;
				CLANG_WARN_INT_CONVERSION = YES;
				CLANG_WARN_NON_LITERAL_NULL_CONVERSION = YES;
				CLANG_WARN_OBJC_IMPLICIT_RETAIN_SELF = YES;
				CLANG_WARN_OBJC_LITERAL_CONVERSION = YES;
				CLANG_WARN_OBJC_ROOT_CLASS = YES_ERROR;
				CLANG_WARN_QUOTED_INCLUDE_IN_FRAMEWORK_HEADER = YES;
				CLANG_WARN_RANGE_LOOP_ANALYSIS = YES;
				CLANG_WARN_STRICT_PROTOTYPES = YES;
				CLANG_WARN_SUSPICIOUS_MOVE = YES;
				CLANG_WARN_UNGUARDED_AVAILABILITY = YES_AGGRESSIVE;
				CLANG_WARN_UNREACHABLE_CODE = YES;
				CLANG_WARN__DUPLICATE_METHOD_MATCH = YES;
				COPY_PHASE_STRIP = NO;
				DEBUG_INFORMATION_FORMAT = dwarf;
				ENABLE_STRICT_OBJC_MSGSEND = YES;
				ENABLE_TESTABILITY = YES;
				GCC_C_LANGUAGE_STANDARD = gnu11;
				GCC_DYNAMIC_NO_PIC = NO;
				GCC_NO_COMMON_BLOCKS = YES;
				GCC_OPTIMIZATION_LEVEL = 0;
				GCC_PREPROCESSOR_DEFINITIONS = (
					"DEBUG=1",
					"$(inherited)",
				);
				GCC_WARN_64_TO_32_BIT_CONVERSION = YES;
				GCC_WARN_ABOUT_RETURN_TYPE = YES_ERROR;
				GCC_WARN_UNDECLARED_SELECTOR = YES;
				GCC_WARN_UNINITIALIZED_AUTOS = YES_AGGRESSIVE;
				GCC_WARN_UNUSED_FUNCTION = YES;
				GCC_WARN_UNUSED_VARIABLE = YES;
				IPHONEOS_DEPLOYMENT_TARGET = 13.0;
				MTL_ENABLE_DEBUG_INFO = INCLUDE_SOURCE;
				MTL_FAST_MATH = YES;
				ONLY_ACTIVE_ARCH = YES;
				SDKROOT = iphoneos;
				SWIFT_ACTIVE_COMPILATION_CONDITIONS = DEBUG;
				SWIFT_OPTIMIZATION_LEVEL = "-Onone";
			};
			name = Debug;
		};
		4F1301222787BC010003E6B2 /* Release */ = {
			isa = XCBuildConfiguration;
			buildSettings = {
				ALWAYS_SEARCH_USER_PATHS = NO;
				CLANG_ANALYZER_NONNULL = YES;
				CLANG_ANALYZER_NUMBER_OBJECT_CONVERSION = YES_AGGRESSIVE;
				CLANG_CXX_LANGUAGE_STANDARD = "gnu++17";
				CLANG_CXX_LIBRARY = "libc++";
				CLANG_ENABLE_MODULES = YES;
				CLANG_ENABLE_OBJC_ARC = YES;
				CLANG_ENABLE_OBJC_WEAK = YES;
				CLANG_WARN_BLOCK_CAPTURE_AUTORELEASING = YES;
				CLANG_WARN_BOOL_CONVERSION = YES;
				CLANG_WARN_COMMA = YES;
				CLANG_WARN_CONSTANT_CONVERSION = YES;
				CLANG_WARN_DEPRECATED_OBJC_IMPLEMENTATIONS = YES;
				CLANG_WARN_DIRECT_OBJC_ISA_USAGE = YES_ERROR;
				CLANG_WARN_DOCUMENTATION_COMMENTS = YES;
				CLANG_WARN_EMPTY_BODY = YES;
				CLANG_WARN_ENUM_CONVERSION = YES;
				CLANG_WARN_INFINITE_RECURSION = YES;
				CLANG_WARN_INT_CONVERSION = YES;
				CLANG_WARN_NON_LITERAL_NULL_CONVERSION = YES;
				CLANG_WARN_OBJC_IMPLICIT_RETAIN_SELF = YES;
				CLANG_WARN_OBJC_LITERAL_CONVERSION = YES;
				CLANG_WARN_OBJC_ROOT_CLASS = YES_ERROR;
				CLANG_WARN_QUOTED_INCLUDE_IN_FRAMEWORK_HEADER = YES;
				CLANG_WARN_RANGE_LOOP_ANALYSIS = YES;
				CLANG_WARN_STRICT_PROTOTYPES = YES;
				CLANG_WARN_SUSPICIOUS_MOVE = YES;
				CLANG_WARN_UNGUARDED_AVAILABILITY = YES_AGGRESSIVE;
				CLANG_WARN_UNREACHABLE_CODE = YES;
				CLANG_WARN__DUPLICATE_METHOD_MATCH = YES;
				COPY_PHASE_STRIP = NO;
				DEBUG_INFORMATION_FORMAT = "dwarf-with-dsym";
				ENABLE_NS_ASSERTIONS = NO;
				ENABLE_STRICT_OBJC_MSGSEND = YES;
				GCC_C_LANGUAGE_STANDARD = gnu11;
				GCC_NO_COMMON_BLOCKS = YES;
				GCC_WARN_64_TO_32_BIT_CONVERSION = YES;
				GCC_WARN_ABOUT_RETURN_TYPE = YES_ERROR;
				GCC_WARN_UNDECLARED_SELECTOR = YES;
				GCC_WARN_UNINITIALIZED_AUTOS = YES_AGGRESSIVE;
				GCC_WARN_UNUSED_FUNCTION = YES;
				GCC_WARN_UNUSED_VARIABLE = YES;
				IPHONEOS_DEPLOYMENT_TARGET = 13.0;
				MTL_ENABLE_DEBUG_INFO = NO;
				MTL_FAST_MATH = YES;
				SDKROOT = iphoneos;
				SWIFT_COMPILATION_MODE = wholemodule;
				SWIFT_OPTIMIZATION_LEVEL = "-O";
				VALIDATE_PRODUCT = YES;
			};
			name = Release;
		};
		4F1301242787BC010003E6B2 /* Debug */ = {
			isa = XCBuildConfiguration;
			buildSettings = {
				ASSETCATALOG_COMPILER_APPICON_NAME = AppIcon;
				ASSETCATALOG_COMPILER_GLOBAL_ACCENT_COLOR_NAME = AccentColor;
				CODE_SIGN_STYLE = Automatic;
				CURRENT_PROJECT_VERSION = 1;
				DEVELOPMENT_TEAM = 28423D34T2;
				GENERATE_INFOPLIST_FILE = YES;
				INFOPLIST_FILE = RSSchool_T12/Application/Info.plist;
				INFOPLIST_KEY_UIApplicationSupportsIndirectInputEvents = YES;
				INFOPLIST_KEY_UILaunchStoryboardName = LaunchScreen;
				INFOPLIST_KEY_UISupportedInterfaceOrientations = UIInterfaceOrientationPortrait;
				INFOPLIST_KEY_UISupportedInterfaceOrientations_iPad = "UIInterfaceOrientationPortrait UIInterfaceOrientationPortraitUpsideDown UIInterfaceOrientationLandscapeLeft UIInterfaceOrientationLandscapeRight";
				INFOPLIST_KEY_UISupportedInterfaceOrientations_iPhone = "UIInterfaceOrientationPortrait UIInterfaceOrientationLandscapeLeft UIInterfaceOrientationLandscapeRight";
				IPHONEOS_DEPLOYMENT_TARGET = 13.0;
				LD_RUNPATH_SEARCH_PATHS = (
					"$(inherited)",
					"@executable_path/Frameworks",
				);
				MARKETING_VERSION = 1.0;
				PRODUCT_BUNDLE_IDENTIFIER = "eatsthesoul.RSSchool-T12";
				PRODUCT_NAME = "$(TARGET_NAME)";
				SWIFT_EMIT_LOC_STRINGS = YES;
				SWIFT_VERSION = 5.0;
				TARGETED_DEVICE_FAMILY = "1,2";
			};
			name = Debug;
		};
		4F1301252787BC010003E6B2 /* Release */ = {
			isa = XCBuildConfiguration;
			buildSettings = {
				ASSETCATALOG_COMPILER_APPICON_NAME = AppIcon;
				ASSETCATALOG_COMPILER_GLOBAL_ACCENT_COLOR_NAME = AccentColor;
				CODE_SIGN_STYLE = Automatic;
				CURRENT_PROJECT_VERSION = 1;
				DEVELOPMENT_TEAM = 28423D34T2;
				GENERATE_INFOPLIST_FILE = YES;
				INFOPLIST_FILE = RSSchool_T12/Application/Info.plist;
				INFOPLIST_KEY_UIApplicationSupportsIndirectInputEvents = YES;
				INFOPLIST_KEY_UILaunchStoryboardName = LaunchScreen;
				INFOPLIST_KEY_UISupportedInterfaceOrientations = UIInterfaceOrientationPortrait;
				INFOPLIST_KEY_UISupportedInterfaceOrientations_iPad = "UIInterfaceOrientationPortrait UIInterfaceOrientationPortraitUpsideDown UIInterfaceOrientationLandscapeLeft UIInterfaceOrientationLandscapeRight";
				INFOPLIST_KEY_UISupportedInterfaceOrientations_iPhone = "UIInterfaceOrientationPortrait UIInterfaceOrientationLandscapeLeft UIInterfaceOrientationLandscapeRight";
				IPHONEOS_DEPLOYMENT_TARGET = 13.0;
				LD_RUNPATH_SEARCH_PATHS = (
					"$(inherited)",
					"@executable_path/Frameworks",
				);
				MARKETING_VERSION = 1.0;
				PRODUCT_BUNDLE_IDENTIFIER = "eatsthesoul.RSSchool-T12";
				PRODUCT_NAME = "$(TARGET_NAME)";
				SWIFT_EMIT_LOC_STRINGS = YES;
				SWIFT_VERSION = 5.0;
				TARGETED_DEVICE_FAMILY = "1,2";
			};
			name = Release;
		};
		4F1301272787BC010003E6B2 /* Debug */ = {
			isa = XCBuildConfiguration;
			buildSettings = {
				ALWAYS_EMBED_SWIFT_STANDARD_LIBRARIES = YES;
				BUNDLE_LOADER = "$(TEST_HOST)";
				CODE_SIGN_STYLE = Automatic;
				CURRENT_PROJECT_VERSION = 1;
				DEVELOPMENT_TEAM = 28423D34T2;
				GENERATE_INFOPLIST_FILE = YES;
				IPHONEOS_DEPLOYMENT_TARGET = 15.2;
				MARKETING_VERSION = 1.0;
				PRODUCT_BUNDLE_IDENTIFIER = "eatsthesoul.RSSchool-T12Tests";
				PRODUCT_NAME = "$(TARGET_NAME)";
				SWIFT_EMIT_LOC_STRINGS = NO;
				SWIFT_VERSION = 5.0;
				TARGETED_DEVICE_FAMILY = "1,2";
				TEST_HOST = "$(BUILT_PRODUCTS_DIR)/RSSchool_T12.app/RSSchool_T12";
			};
			name = Debug;
		};
		4F1301282787BC010003E6B2 /* Release */ = {
			isa = XCBuildConfiguration;
			buildSettings = {
				ALWAYS_EMBED_SWIFT_STANDARD_LIBRARIES = YES;
				BUNDLE_LOADER = "$(TEST_HOST)";
				CODE_SIGN_STYLE = Automatic;
				CURRENT_PROJECT_VERSION = 1;
				DEVELOPMENT_TEAM = 28423D34T2;
				GENERATE_INFOPLIST_FILE = YES;
				IPHONEOS_DEPLOYMENT_TARGET = 15.2;
				MARKETING_VERSION = 1.0;
				PRODUCT_BUNDLE_IDENTIFIER = "eatsthesoul.RSSchool-T12Tests";
				PRODUCT_NAME = "$(TARGET_NAME)";
				SWIFT_EMIT_LOC_STRINGS = NO;
				SWIFT_VERSION = 5.0;
				TARGETED_DEVICE_FAMILY = "1,2";
				TEST_HOST = "$(BUILT_PRODUCTS_DIR)/RSSchool_T12.app/RSSchool_T12";
			};
			name = Release;
		};
		4F13012A2787BC010003E6B2 /* Debug */ = {
			isa = XCBuildConfiguration;
			buildSettings = {
				ALWAYS_EMBED_SWIFT_STANDARD_LIBRARIES = YES;
				CODE_SIGN_STYLE = Automatic;
				CURRENT_PROJECT_VERSION = 1;
				DEVELOPMENT_TEAM = 28423D34T2;
				GENERATE_INFOPLIST_FILE = YES;
				MARKETING_VERSION = 1.0;
				PRODUCT_BUNDLE_IDENTIFIER = "eatsthesoul.RSSchool-T12UITests";
				PRODUCT_NAME = "$(TARGET_NAME)";
				SWIFT_EMIT_LOC_STRINGS = NO;
				SWIFT_VERSION = 5.0;
				TARGETED_DEVICE_FAMILY = "1,2";
				TEST_TARGET_NAME = RSSchool_T12;
			};
			name = Debug;
		};
		4F13012B2787BC010003E6B2 /* Release */ = {
			isa = XCBuildConfiguration;
			buildSettings = {
				ALWAYS_EMBED_SWIFT_STANDARD_LIBRARIES = YES;
				CODE_SIGN_STYLE = Automatic;
				CURRENT_PROJECT_VERSION = 1;
				DEVELOPMENT_TEAM = 28423D34T2;
				GENERATE_INFOPLIST_FILE = YES;
				MARKETING_VERSION = 1.0;
				PRODUCT_BUNDLE_IDENTIFIER = "eatsthesoul.RSSchool-T12UITests";
				PRODUCT_NAME = "$(TARGET_NAME)";
				SWIFT_EMIT_LOC_STRINGS = NO;
				SWIFT_VERSION = 5.0;
				TARGETED_DEVICE_FAMILY = "1,2";
				TEST_TARGET_NAME = RSSchool_T12;
			};
			name = Release;
		};
/* End XCBuildConfiguration section */

/* Begin XCConfigurationList section */
		4F1300F12787BBFF0003E6B2 /* Build configuration list for PBXProject "RSSchool_T12" */ = {
			isa = XCConfigurationList;
			buildConfigurations = (
				4F1301212787BC010003E6B2 /* Debug */,
				4F1301222787BC010003E6B2 /* Release */,
			);
			defaultConfigurationIsVisible = 0;
			defaultConfigurationName = Release;
		};
		4F1301232787BC010003E6B2 /* Build configuration list for PBXNativeTarget "RSSchool_T12" */ = {
			isa = XCConfigurationList;
			buildConfigurations = (
				4F1301242787BC010003E6B2 /* Debug */,
				4F1301252787BC010003E6B2 /* Release */,
			);
			defaultConfigurationIsVisible = 0;
			defaultConfigurationName = Release;
		};
		4F1301262787BC010003E6B2 /* Build configuration list for PBXNativeTarget "RSSchool_T12Tests" */ = {
			isa = XCConfigurationList;
			buildConfigurations = (
				4F1301272787BC010003E6B2 /* Debug */,
				4F1301282787BC010003E6B2 /* Release */,
			);
			defaultConfigurationIsVisible = 0;
			defaultConfigurationName = Release;
		};
		4F1301292787BC010003E6B2 /* Build configuration list for PBXNativeTarget "RSSchool_T12UITests" */ = {
			isa = XCConfigurationList;
			buildConfigurations = (
				4F13012A2787BC010003E6B2 /* Debug */,
				4F13012B2787BC010003E6B2 /* Release */,
			);
			defaultConfigurationIsVisible = 0;
			defaultConfigurationName = Release;
		};
/* End XCConfigurationList section */

/* Begin XCVersionGroup section */
		4F1301022787BBFF0003E6B2 /* RSSchool_T12.xcdatamodeld */ = {
			isa = XCVersionGroup;
			children = (
				4F1301032787BBFF0003E6B2 /* RSSchool_T12.xcdatamodel */,
			);
			currentVersion = 4F1301032787BBFF0003E6B2 /* RSSchool_T12.xcdatamodel */;
			path = RSSchool_T12.xcdatamodeld;
			sourceTree = "<group>";
			versionGroupType = wrapper.xcdatamodel;
		};
/* End XCVersionGroup section */
	};
	rootObject = 4F1300EE2787BBFF0003E6B2 /* Project object */;
}
