// !$*UTF8*$!
{
	archiveVersion = 1;
	classes = {
	};
	objectVersion = 55;
	objects = {

/* Begin PBXBuildFile section */
		01C35A1FDBA93C7888FC1B0B /* WalletListModuleOutput.swift in Sources */ = {isa = PBXBuildFile; fileRef = D31794EB6A7CE21FEBEB33BF /* WalletListModuleOutput.swift */; };
		1AAFA9C21A965494810D69E8 /* WalletListModuleConfigurator.swift in Sources */ = {isa = PBXBuildFile; fileRef = 0CEE8C89904D33803F922C36 /* WalletListModuleConfigurator.swift */; };
		1F44ECEC82D59F617BFEDA25 /* ColorThemesViewController.swift in Sources */ = {isa = PBXBuildFile; fileRef = F4C15747104CAAEEA7D3F4B9 /* ColorThemesViewController.swift */; };
		27EAC919E40E7BDA78BCF271 /* WalletListModuleInput.swift in Sources */ = {isa = PBXBuildFile; fileRef = 6FC13F0C8C1E7013072A3A7A /* WalletListModuleInput.swift */; };
		27F3439ED966296888AFD00B /* WalletListViewInput.swift in Sources */ = {isa = PBXBuildFile; fileRef = ED49872B6E4C4B6F1747BFE4 /* WalletListViewInput.swift */; };
		2F28011D76AEE867FC2553F2 /* CurrencyListViewInput.swift in Sources */ = {isa = PBXBuildFile; fileRef = 770A9E26779A2829223EB10D /* CurrencyListViewInput.swift */; };
		2FA84CE8D7B1AE618EDB33FF /* CurrencyListPresenter.swift in Sources */ = {isa = PBXBuildFile; fileRef = 14B350AADB328D44E5D1466E /* CurrencyListPresenter.swift */; };
		3CAB5E9AA8111FF270C189B3 /* WalletSettingsModuleOutput.swift in Sources */ = {isa = PBXBuildFile; fileRef = ECBD2519CB33A54E080DDE1F /* WalletSettingsModuleOutput.swift */; };
		4F0D486127959FD9008FF92D /* UIView.swift in Sources */ = {isa = PBXBuildFile; fileRef = 4F0D486027959FD9008FF92D /* UIView.swift */; };
		4F0D489F2796E983008FF92D /* WalletSettingsViewController.swift in Sources */ = {isa = PBXBuildFile; fileRef = 4F0D489D2796E983008FF92D /* WalletSettingsViewController.swift */; };
		4F0D48A02796E983008FF92D /* WalletSettingsViewController.xib in Resources */ = {isa = PBXBuildFile; fileRef = 4F0D489E2796E983008FF92D /* WalletSettingsViewController.xib */; };
		4F0D48A32796F306008FF92D /* ColorTheme.swift in Sources */ = {isa = PBXBuildFile; fileRef = 4F0D48A22796F306008FF92D /* ColorTheme.swift */; };
		4F0D48A62796F8AE008FF92D /* ColorThemeManager.swift in Sources */ = {isa = PBXBuildFile; fileRef = 4F0D48A52796F8AE008FF92D /* ColorThemeManager.swift */; };
		4F0D48A827971652008FF92D /* ThemeView.swift in Sources */ = {isa = PBXBuildFile; fileRef = 4F0D48A727971652008FF92D /* ThemeView.swift */; };
		4F0D48AA27983FFB008FF92D /* BackgroundPresentable.swift in Sources */ = {isa = PBXBuildFile; fileRef = 4F0D48A927983FFB008FF92D /* BackgroundPresentable.swift */; };
		4F0D48AC279842BF008FF92D /* BackgroundViewType.swift in Sources */ = {isa = PBXBuildFile; fileRef = 4F0D48AB279842BF008FF92D /* BackgroundViewType.swift */; };
		4F0D48AF27996BF6008FF92D /* TextField.swift in Sources */ = {isa = PBXBuildFile; fileRef = 4F0D48AE27996BF6008FF92D /* TextField.swift */; };
		4F1300FA2787BBFF0003E6B2 /* AppDelegate.swift in Sources */ = {isa = PBXBuildFile; fileRef = 4F1300F92787BBFF0003E6B2 /* AppDelegate.swift */; };
		4F1300FC2787BBFF0003E6B2 /* SceneDelegate.swift in Sources */ = {isa = PBXBuildFile; fileRef = 4F1300FB2787BBFF0003E6B2 /* SceneDelegate.swift */; };
		4F1301042787BBFF0003E6B2 /* RSSchool_T12.xcdatamodeld in Sources */ = {isa = PBXBuildFile; fileRef = 4F1301022787BBFF0003E6B2 /* RSSchool_T12.xcdatamodeld */; };
		4F1301062787BC010003E6B2 /* Assets.xcassets in Resources */ = {isa = PBXBuildFile; fileRef = 4F1301052787BC010003E6B2 /* Assets.xcassets */; };
		4F1301092787BC010003E6B2 /* LaunchScreen.storyboard in Resources */ = {isa = PBXBuildFile; fileRef = 4F1301072787BC010003E6B2 /* LaunchScreen.storyboard */; };
		4F1301142787BC010003E6B2 /* RSSchool_T12Tests.swift in Sources */ = {isa = PBXBuildFile; fileRef = 4F1301132787BC010003E6B2 /* RSSchool_T12Tests.swift */; };
		4F13011E2787BC010003E6B2 /* RSSchool_T12UITests.swift in Sources */ = {isa = PBXBuildFile; fileRef = 4F13011D2787BC010003E6B2 /* RSSchool_T12UITests.swift */; };
		4F1301202787BC010003E6B2 /* RSSchool_T12UITestsLaunchTests.swift in Sources */ = {isa = PBXBuildFile; fileRef = 4F13011F2787BC010003E6B2 /* RSSchool_T12UITestsLaunchTests.swift */; };
		4F13013D2787BDBF0003E6B2 /* UIColor + Assets.swift in Sources */ = {isa = PBXBuildFile; fileRef = 4F13013A2787BDBF0003E6B2 /* UIColor + Assets.swift */; };
		4F13013E2787BDBF0003E6B2 /* UIFont.swift in Sources */ = {isa = PBXBuildFile; fileRef = 4F13013B2787BDBF0003E6B2 /* UIFont.swift */; };
		4F13013F2787BDBF0003E6B2 /* UIImage + Assets.swift in Sources */ = {isa = PBXBuildFile; fileRef = 4F13013C2787BDBF0003E6B2 /* UIImage + Assets.swift */; };
		4F14782027B3F08000A18644 /* AlertViewController.swift in Sources */ = {isa = PBXBuildFile; fileRef = 4F14781E27B3F08000A18644 /* AlertViewController.swift */; };
		4F14782127B3F08000A18644 /* AlertViewController.xib in Resources */ = {isa = PBXBuildFile; fileRef = 4F14781F27B3F08000A18644 /* AlertViewController.xib */; };
		4F14782327B401C100A18644 /* AlertService.swift in Sources */ = {isa = PBXBuildFile; fileRef = 4F14782227B401C100A18644 /* AlertService.swift */; };
		4F14782827B6838B00A18644 /* WalletSettingsCoordinator.swift in Sources */ = {isa = PBXBuildFile; fileRef = 4F14782727B6838B00A18644 /* WalletSettingsCoordinator.swift */; };
		4F14782A27B683A800A18644 /* WalletSettingsCoordinatorOutput.swift in Sources */ = {isa = PBXBuildFile; fileRef = 4F14782927B683A800A18644 /* WalletSettingsCoordinatorOutput.swift */; };
		4F14782D27B6AC2600A18644 /* WalletListViewController.swift in Sources */ = {isa = PBXBuildFile; fileRef = 4F14782B27B6AC2600A18644 /* WalletListViewController.swift */; };
		4F14782E27B6AC2600A18644 /* WalletListViewController.xib in Resources */ = {isa = PBXBuildFile; fileRef = 4F14782C27B6AC2600A18644 /* WalletListViewController.xib */; };
		4F4665FB278F84D400228418 /* NavigationBar.swift in Sources */ = {isa = PBXBuildFile; fileRef = 4F4665FA278F84D400228418 /* NavigationBar.swift */; };
		4F4665FD278F84DF00228418 /* NavigationBar.xib in Resources */ = {isa = PBXBuildFile; fileRef = 4F4665FC278F84DF00228418 /* NavigationBar.xib */; };
		4F466601279058E900228418 /* BarButton.swift in Sources */ = {isa = PBXBuildFile; fileRef = 4F466600279058E900228418 /* BarButton.swift */; };
		4F4666072791F9AB00228418 /* GlassView.swift in Sources */ = {isa = PBXBuildFile; fileRef = 4F4666062791F9AB00228418 /* GlassView.swift */; };
		4F46660F279218EF00228418 /* Montserrat-Medium.ttf in Resources */ = {isa = PBXBuildFile; fileRef = 4F1301462787BEA40003E6B2 /* Montserrat-Medium.ttf */; };
		4F466610279218F100228418 /* Montserrat-Regular.ttf in Resources */ = {isa = PBXBuildFile; fileRef = 4F1301472787BEBC0003E6B2 /* Montserrat-Regular.ttf */; };
		4F466611279218F300228418 /* Montserrat-SemiBold.ttf in Resources */ = {isa = PBXBuildFile; fileRef = 4F1301442787BEA40003E6B2 /* Montserrat-SemiBold.ttf */; };
		4F68F335278CABF0002E7859 /* AppCoordinator.swift in Sources */ = {isa = PBXBuildFile; fileRef = 4F68F334278CABF0002E7859 /* AppCoordinator.swift */; };
		4F68F337278CACD4002E7859 /* CoordinatorFactory.swift in Sources */ = {isa = PBXBuildFile; fileRef = 4F68F336278CACD4002E7859 /* CoordinatorFactory.swift */; };
		4F68F339278CAD9C002E7859 /* Routable.swift in Sources */ = {isa = PBXBuildFile; fileRef = 4F68F338278CAD9C002E7859 /* Routable.swift */; };
		4F68F33B278CADC6002E7859 /* Presentable.swift in Sources */ = {isa = PBXBuildFile; fileRef = 4F68F33A278CADC6002E7859 /* Presentable.swift */; };
		4F68F33D278CAE40002E7859 /* Constants.swift in Sources */ = {isa = PBXBuildFile; fileRef = 4F68F33C278CAE40002E7859 /* Constants.swift */; };
		4F68F341278CB049002E7859 /* MainCoordinator.swift in Sources */ = {isa = PBXBuildFile; fileRef = 4F68F340278CB049002E7859 /* MainCoordinator.swift */; };
		4F68F344278CB2E7002E7859 /* CoordinatorFactoryProtocol.swift in Sources */ = {isa = PBXBuildFile; fileRef = 4F68F343278CB2E7002E7859 /* CoordinatorFactoryProtocol.swift */; };
		4F68F34E278CB4DB002E7859 /* MainCoordinatorOutput.swift in Sources */ = {isa = PBXBuildFile; fileRef = 4F68F34D278CB4DB002E7859 /* MainCoordinatorOutput.swift */; };
		4F68F352278CC914002E7859 /* Router.swift in Sources */ = {isa = PBXBuildFile; fileRef = 4F68F351278CC914002E7859 /* Router.swift */; };
		4F68F354278DA698002E7859 /* UIApplication.swift in Sources */ = {isa = PBXBuildFile; fileRef = 4F68F353278DA698002E7859 /* UIApplication.swift */; };
		4FAF2829279F003D006F03EC /* ColorThemesCollectionViewCell.swift in Sources */ = {isa = PBXBuildFile; fileRef = 4FAF2827279F003D006F03EC /* ColorThemesCollectionViewCell.swift */; };
		4FAF282A279F003D006F03EC /* ColorThemesCollectionViewCell.xib in Resources */ = {isa = PBXBuildFile; fileRef = 4FAF2828279F003D006F03EC /* ColorThemesCollectionViewCell.xib */; };
		4FAF282D27A05836006F03EC /* ListAdapter.swift in Sources */ = {isa = PBXBuildFile; fileRef = 4FAF282C27A05836006F03EC /* ListAdapter.swift */; };
		4FAF283027A1AE7E006F03EC /* ConfigurableCell.swift in Sources */ = {isa = PBXBuildFile; fileRef = 4FAF282F27A1AE7E006F03EC /* ConfigurableCell.swift */; };
		4FAF283627A42F67006F03EC /* Currency.swift in Sources */ = {isa = PBXBuildFile; fileRef = 4FAF283527A42F67006F03EC /* Currency.swift */; };
		4FAF283927A95A02006F03EC /* CurrencyListCollectionViewCell.swift in Sources */ = {isa = PBXBuildFile; fileRef = 4FAF283727A95A01006F03EC /* CurrencyListCollectionViewCell.swift */; };
		4FAF283A27A95A02006F03EC /* CurrencyListCollectionViewCell.xib in Resources */ = {isa = PBXBuildFile; fileRef = 4FAF283827A95A02006F03EC /* CurrencyListCollectionViewCell.xib */; };
		4FAF283E27A9605C006F03EC /* CurrencyCellViewModel.swift in Sources */ = {isa = PBXBuildFile; fileRef = 4FAF283D27A9605B006F03EC /* CurrencyCellViewModel.swift */; };
		4FAF284027AD66C8006F03EC /* DataStoreManager.swift in Sources */ = {isa = PBXBuildFile; fileRef = 4FAF283F27AD66C8006F03EC /* DataStoreManager.swift */; };
		4FAF284D27B176C5006F03EC /* Wallet+CoreDataClass.swift in Sources */ = {isa = PBXBuildFile; fileRef = 4FAF284927B176C5006F03EC /* Wallet+CoreDataClass.swift */; };
		4FAF284E27B176C5006F03EC /* Wallet+CoreDataProperties.swift in Sources */ = {isa = PBXBuildFile; fileRef = 4FAF284A27B176C5006F03EC /* Wallet+CoreDataProperties.swift */; };
		4FAF284F27B176C5006F03EC /* Transaction+CoreDataClass.swift in Sources */ = {isa = PBXBuildFile; fileRef = 4FAF284B27B176C5006F03EC /* Transaction+CoreDataClass.swift */; };
		4FAF285027B176C5006F03EC /* Transaction+CoreDataProperties.swift in Sources */ = {isa = PBXBuildFile; fileRef = 4FAF284C27B176C5006F03EC /* Transaction+CoreDataProperties.swift */; };
		4FAF285227B19E65006F03EC /* WalletSettingsViewModel.swift in Sources */ = {isa = PBXBuildFile; fileRef = 4FAF285127B19E65006F03EC /* WalletSettingsViewModel.swift */; };
		4FCF2622278CA8CD002C3E04 /* BaseCoordinator.swift in Sources */ = {isa = PBXBuildFile; fileRef = 4FCF2621278CA8CD002C3E04 /* BaseCoordinator.swift */; };
		4FCF2624278CA907002C3E04 /* Coordinatable.swift in Sources */ = {isa = PBXBuildFile; fileRef = 4FCF2623278CA907002C3E04 /* Coordinatable.swift */; };
		53D495EB2173F11EA9C64AB8 /* CurrencyListModuleOutput.swift in Sources */ = {isa = PBXBuildFile; fileRef = F16EE0E2D4AC7C1F17C9E72D /* CurrencyListModuleOutput.swift */; };
		53E2862CB967D2D15281F9B9 /* WalletSettingsViewInput.swift in Sources */ = {isa = PBXBuildFile; fileRef = 9252D5CD08C90ED47EA5CB9A /* WalletSettingsViewInput.swift */; };
		84EF12AF53D36C4A9D9ED12E /* WalletSettingsModuleConfigurator.swift in Sources */ = {isa = PBXBuildFile; fileRef = 9D2887074F007B1C6BF5937A /* WalletSettingsModuleConfigurator.swift */; };
		899829EE74918F4B0D07AB47 /* WalletListPresenter.swift in Sources */ = {isa = PBXBuildFile; fileRef = BED2571FB86B01E029E2ECA0 /* WalletListPresenter.swift */; };
		8F1635240987BB10C27FC103 /* WalletSettingsModuleInput.swift in Sources */ = {isa = PBXBuildFile; fileRef = 7880E1702E096EC5C3AE49F0 /* WalletSettingsModuleInput.swift */; };
		9CE9B6890C53A7C4103851B5 /* ColorThemesViewOutput.swift in Sources */ = {isa = PBXBuildFile; fileRef = E41E3B9CA05464C74917C7AE /* ColorThemesViewOutput.swift */; };
		9FB7892A597DA8F8FA11A295 /* WalletSettingsViewOutput.swift in Sources */ = {isa = PBXBuildFile; fileRef = E6701DDBB21067B9FF41BFB4 /* WalletSettingsViewOutput.swift */; };
		A536BAE04C8C56C67B161141 /* WalletListViewOutput.swift in Sources */ = {isa = PBXBuildFile; fileRef = F7F2810ED06832466D30539A /* WalletListViewOutput.swift */; };
		A8508F831E8D2E8F0FF7E155 /* ColorThemesModuleConfigurator.swift in Sources */ = {isa = PBXBuildFile; fileRef = 2CD40ACB7D1C0BDB29806923 /* ColorThemesModuleConfigurator.swift */; };
		A94AE06218D3CDD8CD3B3800 /* ColorThemesViewInput.swift in Sources */ = {isa = PBXBuildFile; fileRef = 0EA1AA0D58EFB75182122ED7 /* ColorThemesViewInput.swift */; };
		B8ECD4D8208D7E5F6CC76444 /* ColorThemesPresenter.swift in Sources */ = {isa = PBXBuildFile; fileRef = F36714DAA2E73EEDC40230C3 /* ColorThemesPresenter.swift */; };
		B90DC9D11FC20AA3AEFC7B80 /* CurrencyListViewController.swift in Sources */ = {isa = PBXBuildFile; fileRef = 441C72429C9C60DA903538B4 /* CurrencyListViewController.swift */; };
		C2C7796C6FE99E4A1ED24026 /* CurrencyListModuleInput.swift in Sources */ = {isa = PBXBuildFile; fileRef = 6B37950D3E21AA4D47DA0CA6 /* CurrencyListModuleInput.swift */; };
		C4570DA4E8F70E5FBC21F0B0 /* ColorThemesModuleInput.swift in Sources */ = {isa = PBXBuildFile; fileRef = A164D01330F8B0A5B0E7606A /* ColorThemesModuleInput.swift */; };
		D2CB3EB084BAB89B23709557 /* CurrencyListModuleConfigurator.swift in Sources */ = {isa = PBXBuildFile; fileRef = A14E96D02C33404AA2AFB010 /* CurrencyListModuleConfigurator.swift */; };
		E6C41A86AE64BB1D5328C2A7 /* ColorThemesModuleOutput.swift in Sources */ = {isa = PBXBuildFile; fileRef = 29FDDE1999A3BB275724F9D1 /* ColorThemesModuleOutput.swift */; };
		F22B1F1FE9313CF3A197F185 /* CreateWalletPresenter.swift in Sources */ = {isa = PBXBuildFile; fileRef = 3E6B9DCE609CB31C37283485 /* CreateWalletPresenter.swift */; };
		FE7BEFFEB730AF6E01B52D8B /* CurrencyListViewOutput.swift in Sources */ = {isa = PBXBuildFile; fileRef = 86911A71C4CC7BCCF1DC31B0 /* CurrencyListViewOutput.swift */; };
/* End PBXBuildFile section */

/* Begin PBXContainerItemProxy section */
		4F1301102787BC010003E6B2 /* PBXContainerItemProxy */ = {
			isa = PBXContainerItemProxy;
			containerPortal = 4F1300EE2787BBFF0003E6B2 /* Project object */;
			proxyType = 1;
			remoteGlobalIDString = 4F1300F52787BBFF0003E6B2;
			remoteInfo = RSSchool_T12;
		};
		4F13011A2787BC010003E6B2 /* PBXContainerItemProxy */ = {
			isa = PBXContainerItemProxy;
			containerPortal = 4F1300EE2787BBFF0003E6B2 /* Project object */;
			proxyType = 1;
			remoteGlobalIDString = 4F1300F52787BBFF0003E6B2;
			remoteInfo = RSSchool_T12;
		};
/* End PBXContainerItemProxy section */

/* Begin PBXFileReference section */
		0CEE8C89904D33803F922C36 /* WalletListModuleConfigurator.swift */ = {isa = PBXFileReference; includeInIndex = 1; lastKnownFileType = sourcecode.swift; path = WalletListModuleConfigurator.swift; sourceTree = "<group>"; };
		0EA1AA0D58EFB75182122ED7 /* ColorThemesViewInput.swift */ = {isa = PBXFileReference; includeInIndex = 1; lastKnownFileType = sourcecode.swift; path = ColorThemesViewInput.swift; sourceTree = "<group>"; };
		14B350AADB328D44E5D1466E /* CurrencyListPresenter.swift */ = {isa = PBXFileReference; includeInIndex = 1; lastKnownFileType = sourcecode.swift; path = CurrencyListPresenter.swift; sourceTree = "<group>"; };
		29FDDE1999A3BB275724F9D1 /* ColorThemesModuleOutput.swift */ = {isa = PBXFileReference; includeInIndex = 1; lastKnownFileType = sourcecode.swift; path = ColorThemesModuleOutput.swift; sourceTree = "<group>"; };
		2CD40ACB7D1C0BDB29806923 /* ColorThemesModuleConfigurator.swift */ = {isa = PBXFileReference; includeInIndex = 1; lastKnownFileType = sourcecode.swift; path = ColorThemesModuleConfigurator.swift; sourceTree = "<group>"; };
		3E6B9DCE609CB31C37283485 /* CreateWalletPresenter.swift */ = {isa = PBXFileReference; includeInIndex = 1; lastKnownFileType = sourcecode.swift; path = CreateWalletPresenter.swift; sourceTree = "<group>"; };
		441C72429C9C60DA903538B4 /* CurrencyListViewController.swift */ = {isa = PBXFileReference; includeInIndex = 1; lastKnownFileType = sourcecode.swift; path = CurrencyListViewController.swift; sourceTree = "<group>"; };
		4F0D485E27921A5B008FF92D /* Info.plist */ = {isa = PBXFileReference; fileEncoding = 4; lastKnownFileType = text.plist.xml; path = Info.plist; sourceTree = "<group>"; };
		4F0D486027959FD9008FF92D /* UIView.swift */ = {isa = PBXFileReference; lastKnownFileType = sourcecode.swift; path = UIView.swift; sourceTree = "<group>"; };
		4F0D489D2796E983008FF92D /* WalletSettingsViewController.swift */ = {isa = PBXFileReference; lastKnownFileType = sourcecode.swift; path = WalletSettingsViewController.swift; sourceTree = "<group>"; };
		4F0D489E2796E983008FF92D /* WalletSettingsViewController.xib */ = {isa = PBXFileReference; lastKnownFileType = file.xib; path = WalletSettingsViewController.xib; sourceTree = "<group>"; };
		4F0D48A22796F306008FF92D /* ColorTheme.swift */ = {isa = PBXFileReference; lastKnownFileType = sourcecode.swift; path = ColorTheme.swift; sourceTree = "<group>"; };
		4F0D48A52796F8AE008FF92D /* ColorThemeManager.swift */ = {isa = PBXFileReference; lastKnownFileType = sourcecode.swift; path = ColorThemeManager.swift; sourceTree = "<group>"; };
		4F0D48A727971652008FF92D /* ThemeView.swift */ = {isa = PBXFileReference; lastKnownFileType = sourcecode.swift; path = ThemeView.swift; sourceTree = "<group>"; };
		4F0D48A927983FFB008FF92D /* BackgroundPresentable.swift */ = {isa = PBXFileReference; lastKnownFileType = sourcecode.swift; path = BackgroundPresentable.swift; sourceTree = "<group>"; };
		4F0D48AB279842BF008FF92D /* BackgroundViewType.swift */ = {isa = PBXFileReference; lastKnownFileType = sourcecode.swift; path = BackgroundViewType.swift; sourceTree = "<group>"; };
		4F0D48AE27996BF6008FF92D /* TextField.swift */ = {isa = PBXFileReference; lastKnownFileType = sourcecode.swift; path = TextField.swift; sourceTree = "<group>"; };
		4F1300F62787BBFF0003E6B2 /* RSSchool_T12.app */ = {isa = PBXFileReference; explicitFileType = wrapper.application; includeInIndex = 0; path = RSSchool_T12.app; sourceTree = BUILT_PRODUCTS_DIR; };
		4F1300F92787BBFF0003E6B2 /* AppDelegate.swift */ = {isa = PBXFileReference; lastKnownFileType = sourcecode.swift; path = AppDelegate.swift; sourceTree = "<group>"; };
		4F1300FB2787BBFF0003E6B2 /* SceneDelegate.swift */ = {isa = PBXFileReference; lastKnownFileType = sourcecode.swift; path = SceneDelegate.swift; sourceTree = "<group>"; };
		4F1301032787BBFF0003E6B2 /* RSSchool_T12.xcdatamodel */ = {isa = PBXFileReference; lastKnownFileType = wrapper.xcdatamodel; path = RSSchool_T12.xcdatamodel; sourceTree = "<group>"; };
		4F1301052787BC010003E6B2 /* Assets.xcassets */ = {isa = PBXFileReference; lastKnownFileType = folder.assetcatalog; path = Assets.xcassets; sourceTree = "<group>"; };
		4F1301082787BC010003E6B2 /* Base */ = {isa = PBXFileReference; lastKnownFileType = file.storyboard; name = Base; path = Base.lproj/LaunchScreen.storyboard; sourceTree = "<group>"; };
		4F13010F2787BC010003E6B2 /* RSSchool_T12Tests.xctest */ = {isa = PBXFileReference; explicitFileType = wrapper.cfbundle; includeInIndex = 0; path = RSSchool_T12Tests.xctest; sourceTree = BUILT_PRODUCTS_DIR; };
		4F1301132787BC010003E6B2 /* RSSchool_T12Tests.swift */ = {isa = PBXFileReference; lastKnownFileType = sourcecode.swift; path = RSSchool_T12Tests.swift; sourceTree = "<group>"; };
		4F1301192787BC010003E6B2 /* RSSchool_T12UITests.xctest */ = {isa = PBXFileReference; explicitFileType = wrapper.cfbundle; includeInIndex = 0; path = RSSchool_T12UITests.xctest; sourceTree = BUILT_PRODUCTS_DIR; };
		4F13011D2787BC010003E6B2 /* RSSchool_T12UITests.swift */ = {isa = PBXFileReference; lastKnownFileType = sourcecode.swift; path = RSSchool_T12UITests.swift; sourceTree = "<group>"; };
		4F13011F2787BC010003E6B2 /* RSSchool_T12UITestsLaunchTests.swift */ = {isa = PBXFileReference; lastKnownFileType = sourcecode.swift; path = RSSchool_T12UITestsLaunchTests.swift; sourceTree = "<group>"; };
		4F13013A2787BDBF0003E6B2 /* UIColor + Assets.swift */ = {isa = PBXFileReference; fileEncoding = 4; lastKnownFileType = sourcecode.swift; path = "UIColor + Assets.swift"; sourceTree = "<group>"; };
		4F13013B2787BDBF0003E6B2 /* UIFont.swift */ = {isa = PBXFileReference; fileEncoding = 4; lastKnownFileType = sourcecode.swift; path = UIFont.swift; sourceTree = "<group>"; };
		4F13013C2787BDBF0003E6B2 /* UIImage + Assets.swift */ = {isa = PBXFileReference; fileEncoding = 4; lastKnownFileType = sourcecode.swift; path = "UIImage + Assets.swift"; sourceTree = "<group>"; };
		4F1301442787BEA40003E6B2 /* Montserrat-SemiBold.ttf */ = {isa = PBXFileReference; lastKnownFileType = file; path = "Montserrat-SemiBold.ttf"; sourceTree = "<group>"; };
		4F1301462787BEA40003E6B2 /* Montserrat-Medium.ttf */ = {isa = PBXFileReference; lastKnownFileType = file; path = "Montserrat-Medium.ttf"; sourceTree = "<group>"; };
		4F1301472787BEBC0003E6B2 /* Montserrat-Regular.ttf */ = {isa = PBXFileReference; lastKnownFileType = file; path = "Montserrat-Regular.ttf"; sourceTree = "<group>"; };
		4F14781E27B3F08000A18644 /* AlertViewController.swift */ = {isa = PBXFileReference; lastKnownFileType = sourcecode.swift; path = AlertViewController.swift; sourceTree = "<group>"; };
		4F14781F27B3F08000A18644 /* AlertViewController.xib */ = {isa = PBXFileReference; lastKnownFileType = file.xib; path = AlertViewController.xib; sourceTree = "<group>"; };
		4F14782227B401C100A18644 /* AlertService.swift */ = {isa = PBXFileReference; lastKnownFileType = sourcecode.swift; path = AlertService.swift; sourceTree = "<group>"; };
		4F14782727B6838B00A18644 /* WalletSettingsCoordinator.swift */ = {isa = PBXFileReference; lastKnownFileType = sourcecode.swift; path = WalletSettingsCoordinator.swift; sourceTree = "<group>"; };
		4F14782927B683A800A18644 /* WalletSettingsCoordinatorOutput.swift */ = {isa = PBXFileReference; lastKnownFileType = sourcecode.swift; path = WalletSettingsCoordinatorOutput.swift; sourceTree = "<group>"; };
		4F14782B27B6AC2600A18644 /* WalletListViewController.swift */ = {isa = PBXFileReference; lastKnownFileType = sourcecode.swift; path = WalletListViewController.swift; sourceTree = "<group>"; };
		4F14782C27B6AC2600A18644 /* WalletListViewController.xib */ = {isa = PBXFileReference; lastKnownFileType = file.xib; path = WalletListViewController.xib; sourceTree = "<group>"; };
		4F4665FA278F84D400228418 /* NavigationBar.swift */ = {isa = PBXFileReference; lastKnownFileType = sourcecode.swift; path = NavigationBar.swift; sourceTree = "<group>"; };
		4F4665FC278F84DF00228418 /* NavigationBar.xib */ = {isa = PBXFileReference; lastKnownFileType = file.xib; path = NavigationBar.xib; sourceTree = "<group>"; };
		4F466600279058E900228418 /* BarButton.swift */ = {isa = PBXFileReference; lastKnownFileType = sourcecode.swift; path = BarButton.swift; sourceTree = "<group>"; };
		4F4666062791F9AB00228418 /* GlassView.swift */ = {isa = PBXFileReference; lastKnownFileType = sourcecode.swift; path = GlassView.swift; sourceTree = "<group>"; };
		4F68F334278CABF0002E7859 /* AppCoordinator.swift */ = {isa = PBXFileReference; lastKnownFileType = sourcecode.swift; path = AppCoordinator.swift; sourceTree = "<group>"; };
		4F68F336278CACD4002E7859 /* CoordinatorFactory.swift */ = {isa = PBXFileReference; lastKnownFileType = sourcecode.swift; path = CoordinatorFactory.swift; sourceTree = "<group>"; };
		4F68F338278CAD9C002E7859 /* Routable.swift */ = {isa = PBXFileReference; lastKnownFileType = sourcecode.swift; path = Routable.swift; sourceTree = "<group>"; };
		4F68F33A278CADC6002E7859 /* Presentable.swift */ = {isa = PBXFileReference; lastKnownFileType = sourcecode.swift; path = Presentable.swift; sourceTree = "<group>"; };
		4F68F33C278CAE40002E7859 /* Constants.swift */ = {isa = PBXFileReference; lastKnownFileType = sourcecode.swift; path = Constants.swift; sourceTree = "<group>"; };
		4F68F340278CB049002E7859 /* MainCoordinator.swift */ = {isa = PBXFileReference; lastKnownFileType = sourcecode.swift; path = MainCoordinator.swift; sourceTree = "<group>"; };
		4F68F343278CB2E7002E7859 /* CoordinatorFactoryProtocol.swift */ = {isa = PBXFileReference; lastKnownFileType = sourcecode.swift; path = CoordinatorFactoryProtocol.swift; sourceTree = "<group>"; };
		4F68F34D278CB4DB002E7859 /* MainCoordinatorOutput.swift */ = {isa = PBXFileReference; lastKnownFileType = sourcecode.swift; path = MainCoordinatorOutput.swift; sourceTree = "<group>"; };
		4F68F351278CC914002E7859 /* Router.swift */ = {isa = PBXFileReference; lastKnownFileType = sourcecode.swift; path = Router.swift; sourceTree = "<group>"; };
		4F68F353278DA698002E7859 /* UIApplication.swift */ = {isa = PBXFileReference; lastKnownFileType = sourcecode.swift; path = UIApplication.swift; sourceTree = "<group>"; };
		4FAF2827279F003D006F03EC /* ColorThemesCollectionViewCell.swift */ = {isa = PBXFileReference; lastKnownFileType = sourcecode.swift; path = ColorThemesCollectionViewCell.swift; sourceTree = "<group>"; };
		4FAF2828279F003D006F03EC /* ColorThemesCollectionViewCell.xib */ = {isa = PBXFileReference; lastKnownFileType = file.xib; path = ColorThemesCollectionViewCell.xib; sourceTree = "<group>"; };
		4FAF282C27A05836006F03EC /* ListAdapter.swift */ = {isa = PBXFileReference; lastKnownFileType = sourcecode.swift; path = ListAdapter.swift; sourceTree = "<group>"; };
		4FAF282F27A1AE7E006F03EC /* ConfigurableCell.swift */ = {isa = PBXFileReference; lastKnownFileType = sourcecode.swift; path = ConfigurableCell.swift; sourceTree = "<group>"; };
		4FAF283527A42F67006F03EC /* Currency.swift */ = {isa = PBXFileReference; lastKnownFileType = sourcecode.swift; path = Currency.swift; sourceTree = "<group>"; };
		4FAF283727A95A01006F03EC /* CurrencyListCollectionViewCell.swift */ = {isa = PBXFileReference; lastKnownFileType = sourcecode.swift; path = CurrencyListCollectionViewCell.swift; sourceTree = "<group>"; };
		4FAF283827A95A02006F03EC /* CurrencyListCollectionViewCell.xib */ = {isa = PBXFileReference; lastKnownFileType = file.xib; path = CurrencyListCollectionViewCell.xib; sourceTree = "<group>"; };
		4FAF283D27A9605B006F03EC /* CurrencyCellViewModel.swift */ = {isa = PBXFileReference; lastKnownFileType = sourcecode.swift; path = CurrencyCellViewModel.swift; sourceTree = "<group>"; };
		4FAF283F27AD66C8006F03EC /* DataStoreManager.swift */ = {isa = PBXFileReference; lastKnownFileType = sourcecode.swift; path = DataStoreManager.swift; sourceTree = "<group>"; };
		4FAF284927B176C5006F03EC /* Wallet+CoreDataClass.swift */ = {isa = PBXFileReference; lastKnownFileType = sourcecode.swift; path = "Wallet+CoreDataClass.swift"; sourceTree = "<group>"; };
		4FAF284A27B176C5006F03EC /* Wallet+CoreDataProperties.swift */ = {isa = PBXFileReference; lastKnownFileType = sourcecode.swift; path = "Wallet+CoreDataProperties.swift"; sourceTree = "<group>"; };
		4FAF284B27B176C5006F03EC /* Transaction+CoreDataClass.swift */ = {isa = PBXFileReference; lastKnownFileType = sourcecode.swift; path = "Transaction+CoreDataClass.swift"; sourceTree = "<group>"; };
		4FAF284C27B176C5006F03EC /* Transaction+CoreDataProperties.swift */ = {isa = PBXFileReference; lastKnownFileType = sourcecode.swift; path = "Transaction+CoreDataProperties.swift"; sourceTree = "<group>"; };
		4FAF285127B19E65006F03EC /* WalletSettingsViewModel.swift */ = {isa = PBXFileReference; lastKnownFileType = sourcecode.swift; path = WalletSettingsViewModel.swift; sourceTree = "<group>"; };
		4FCF2621278CA8CD002C3E04 /* BaseCoordinator.swift */ = {isa = PBXFileReference; lastKnownFileType = sourcecode.swift; path = BaseCoordinator.swift; sourceTree = "<group>"; };
		4FCF2623278CA907002C3E04 /* Coordinatable.swift */ = {isa = PBXFileReference; lastKnownFileType = sourcecode.swift; path = Coordinatable.swift; sourceTree = "<group>"; };
		6B37950D3E21AA4D47DA0CA6 /* CurrencyListModuleInput.swift */ = {isa = PBXFileReference; includeInIndex = 1; lastKnownFileType = sourcecode.swift; path = CurrencyListModuleInput.swift; sourceTree = "<group>"; };
		6FC13F0C8C1E7013072A3A7A /* WalletListModuleInput.swift */ = {isa = PBXFileReference; includeInIndex = 1; lastKnownFileType = sourcecode.swift; path = WalletListModuleInput.swift; sourceTree = "<group>"; };
		770A9E26779A2829223EB10D /* CurrencyListViewInput.swift */ = {isa = PBXFileReference; includeInIndex = 1; lastKnownFileType = sourcecode.swift; path = CurrencyListViewInput.swift; sourceTree = "<group>"; };
		7880E1702E096EC5C3AE49F0 /* WalletSettingsModuleInput.swift */ = {isa = PBXFileReference; includeInIndex = 1; lastKnownFileType = sourcecode.swift; path = WalletSettingsModuleInput.swift; sourceTree = "<group>"; };
		86911A71C4CC7BCCF1DC31B0 /* CurrencyListViewOutput.swift */ = {isa = PBXFileReference; includeInIndex = 1; lastKnownFileType = sourcecode.swift; path = CurrencyListViewOutput.swift; sourceTree = "<group>"; };
		9252D5CD08C90ED47EA5CB9A /* WalletSettingsViewInput.swift */ = {isa = PBXFileReference; includeInIndex = 1; lastKnownFileType = sourcecode.swift; path = WalletSettingsViewInput.swift; sourceTree = "<group>"; };
		9D2887074F007B1C6BF5937A /* WalletSettingsModuleConfigurator.swift */ = {isa = PBXFileReference; includeInIndex = 1; lastKnownFileType = sourcecode.swift; path = WalletSettingsModuleConfigurator.swift; sourceTree = "<group>"; };
		A14E96D02C33404AA2AFB010 /* CurrencyListModuleConfigurator.swift */ = {isa = PBXFileReference; includeInIndex = 1; lastKnownFileType = sourcecode.swift; path = CurrencyListModuleConfigurator.swift; sourceTree = "<group>"; };
		A164D01330F8B0A5B0E7606A /* ColorThemesModuleInput.swift */ = {isa = PBXFileReference; includeInIndex = 1; lastKnownFileType = sourcecode.swift; path = ColorThemesModuleInput.swift; sourceTree = "<group>"; };
		BED2571FB86B01E029E2ECA0 /* WalletListPresenter.swift */ = {isa = PBXFileReference; includeInIndex = 1; lastKnownFileType = sourcecode.swift; path = WalletListPresenter.swift; sourceTree = "<group>"; };
		D31794EB6A7CE21FEBEB33BF /* WalletListModuleOutput.swift */ = {isa = PBXFileReference; includeInIndex = 1; lastKnownFileType = sourcecode.swift; path = WalletListModuleOutput.swift; sourceTree = "<group>"; };
		E41E3B9CA05464C74917C7AE /* ColorThemesViewOutput.swift */ = {isa = PBXFileReference; includeInIndex = 1; lastKnownFileType = sourcecode.swift; path = ColorThemesViewOutput.swift; sourceTree = "<group>"; };
		E6701DDBB21067B9FF41BFB4 /* WalletSettingsViewOutput.swift */ = {isa = PBXFileReference; includeInIndex = 1; lastKnownFileType = sourcecode.swift; path = WalletSettingsViewOutput.swift; sourceTree = "<group>"; };
		ECBD2519CB33A54E080DDE1F /* WalletSettingsModuleOutput.swift */ = {isa = PBXFileReference; includeInIndex = 1; lastKnownFileType = sourcecode.swift; path = WalletSettingsModuleOutput.swift; sourceTree = "<group>"; };
		ED49872B6E4C4B6F1747BFE4 /* WalletListViewInput.swift */ = {isa = PBXFileReference; includeInIndex = 1; lastKnownFileType = sourcecode.swift; path = WalletListViewInput.swift; sourceTree = "<group>"; };
		F16EE0E2D4AC7C1F17C9E72D /* CurrencyListModuleOutput.swift */ = {isa = PBXFileReference; includeInIndex = 1; lastKnownFileType = sourcecode.swift; path = CurrencyListModuleOutput.swift; sourceTree = "<group>"; };
		F36714DAA2E73EEDC40230C3 /* ColorThemesPresenter.swift */ = {isa = PBXFileReference; includeInIndex = 1; lastKnownFileType = sourcecode.swift; path = ColorThemesPresenter.swift; sourceTree = "<group>"; };
		F4C15747104CAAEEA7D3F4B9 /* ColorThemesViewController.swift */ = {isa = PBXFileReference; includeInIndex = 1; lastKnownFileType = sourcecode.swift; path = ColorThemesViewController.swift; sourceTree = "<group>"; };
		F7F2810ED06832466D30539A /* WalletListViewOutput.swift */ = {isa = PBXFileReference; includeInIndex = 1; lastKnownFileType = sourcecode.swift; path = WalletListViewOutput.swift; sourceTree = "<group>"; };
/* End PBXFileReference section */

/* Begin PBXFrameworksBuildPhase section */
		4F1300F32787BBFF0003E6B2 /* Frameworks */ = {
			isa = PBXFrameworksBuildPhase;
			buildActionMask = 2147483647;
			files = (
			);
			runOnlyForDeploymentPostprocessing = 0;
		};
		4F13010C2787BC010003E6B2 /* Frameworks */ = {
			isa = PBXFrameworksBuildPhase;
			buildActionMask = 2147483647;
			files = (
			);
			runOnlyForDeploymentPostprocessing = 0;
		};
		4F1301162787BC010003E6B2 /* Frameworks */ = {
			isa = PBXFrameworksBuildPhase;
			buildActionMask = 2147483647;
			files = (
			);
			runOnlyForDeploymentPostprocessing = 0;
		};
/* End PBXFrameworksBuildPhase section */

/* Begin PBXGroup section */
		0254B6484784605F112131BE /* Presenter */ = {
			isa = PBXGroup;
			children = (
				14B350AADB328D44E5D1466E /* CurrencyListPresenter.swift */,
				6B37950D3E21AA4D47DA0CA6 /* CurrencyListModuleInput.swift */,
				F16EE0E2D4AC7C1F17C9E72D /* CurrencyListModuleOutput.swift */,
			);
			path = Presenter;
			sourceTree = "<group>";
		};
		297C25ACD2B0B757656BB862 /* Configurator */ = {
			isa = PBXGroup;
			children = (
				2CD40ACB7D1C0BDB29806923 /* ColorThemesModuleConfigurator.swift */,
			);
			path = Configurator;
			sourceTree = "<group>";
		};
		2CBB2BD7DD22539E4AE65E47 /* ColorThemes */ = {
			isa = PBXGroup;
			children = (
				297C25ACD2B0B757656BB862 /* Configurator */,
				EA3FC6D83F390D413486657D /* Presenter */,
				A0B67F183228C5740DD5DED4 /* View */,
			);
			path = ColorThemes;
			sourceTree = "<group>";
		};
		2FF3BB7C9B16AE2F93F4D3C9 /* Presenter */ = {
			isa = PBXGroup;
			children = (
				7880E1702E096EC5C3AE49F0 /* WalletSettingsModuleInput.swift */,
				ECBD2519CB33A54E080DDE1F /* WalletSettingsModuleOutput.swift */,
				3E6B9DCE609CB31C37283485 /* CreateWalletPresenter.swift */,
			);
			path = Presenter;
			sourceTree = "<group>";
		};
		3E4F8BCF085295F72D36D16A /* CurrencyList */ = {
			isa = PBXGroup;
			children = (
				DF11420354E13CE6D71D90BE /* Configurator */,
				0254B6484784605F112131BE /* Presenter */,
				E150AEA8A3011C6A7AF53CB6 /* View */,
			);
			path = CurrencyList;
			sourceTree = "<group>";
		};
		4F027C13278F3FBD008A4B39 /* Models */ = {
			isa = PBXGroup;
			children = (
				4FAF283C27A96026006F03EC /* ViewModel */,
				4F027C1E278F3FC3008A4B39 /* CoreData */,
				4F0D48A22796F306008FF92D /* ColorTheme.swift */,
			);
			path = Models;
			sourceTree = "<group>";
		};
		4F027C14278F3FBD008A4B39 /* Transaction */ = {
			isa = PBXGroup;
			children = (
				4FAF284B27B176C5006F03EC /* Transaction+CoreDataClass.swift */,
				4FAF284C27B176C5006F03EC /* Transaction+CoreDataProperties.swift */,
			);
			path = Transaction;
			sourceTree = "<group>";
		};
		4F027C17278F3FBD008A4B39 /* Wallet */ = {
			isa = PBXGroup;
			children = (
				4FAF284927B176C5006F03EC /* Wallet+CoreDataClass.swift */,
				4FAF284A27B176C5006F03EC /* Wallet+CoreDataProperties.swift */,
			);
			path = Wallet;
			sourceTree = "<group>";
		};
		4F027C1E278F3FC3008A4B39 /* CoreData */ = {
			isa = PBXGroup;
			children = (
				4F027C14278F3FBD008A4B39 /* Transaction */,
				4F027C17278F3FBD008A4B39 /* Wallet */,
			);
			path = CoreData;
			sourceTree = "<group>";
		};
		4F0D48A42796F895008FF92D /* Managers */ = {
			isa = PBXGroup;
			children = (
				4F0D48A52796F8AE008FF92D /* ColorThemeManager.swift */,
				4FAF283F27AD66C8006F03EC /* DataStoreManager.swift */,
			);
			path = Managers;
			sourceTree = "<group>";
		};
		4F0D48AD279846F0008FF92D /* Background */ = {
			isa = PBXGroup;
			children = (
				4F0D48AB279842BF008FF92D /* BackgroundViewType.swift */,
				4F0D48A927983FFB008FF92D /* BackgroundPresentable.swift */,
			);
			path = Background;
			sourceTree = "<group>";
		};
		4F1300ED2787BBFF0003E6B2 = {
			isa = PBXGroup;
			children = (
				4F1300F82787BBFF0003E6B2 /* RSSchool_T12 */,
				4F1301122787BC010003E6B2 /* RSSchool_T12Tests */,
				4F13011C2787BC010003E6B2 /* RSSchool_T12UITests */,
				4F1300F72787BBFF0003E6B2 /* Products */,
			);
			sourceTree = "<group>";
		};
		4F1300F72787BBFF0003E6B2 /* Products */ = {
			isa = PBXGroup;
			children = (
				4F1300F62787BBFF0003E6B2 /* RSSchool_T12.app */,
				4F13010F2787BC010003E6B2 /* RSSchool_T12Tests.xctest */,
				4F1301192787BC010003E6B2 /* RSSchool_T12UITests.xctest */,
			);
			name = Products;
			sourceTree = "<group>";
		};
		4F1300F82787BBFF0003E6B2 /* RSSchool_T12 */ = {
			isa = PBXGroup;
			children = (
				4F14782427B42F7D00A18644 /* Service */,
				4F0D48A42796F895008FF92D /* Managers */,
				4F027C13278F3FBD008A4B39 /* Models */,
				4F68F34B278CB4A8002E7859 /* Modules */,
				4F1301382787BDBF0003E6B2 /* Library */,
				4F1301402787BDCE0003E6B2 /* Resources */,
				4FCF261F278CA88C002C3E04 /* Application */,
				4F1301022787BBFF0003E6B2 /* RSSchool_T12.xcdatamodeld */,
			);
			path = RSSchool_T12;
			sourceTree = "<group>";
		};
		4F1301122787BC010003E6B2 /* RSSchool_T12Tests */ = {
			isa = PBXGroup;
			children = (
				4F1301132787BC010003E6B2 /* RSSchool_T12Tests.swift */,
			);
			path = RSSchool_T12Tests;
			sourceTree = "<group>";
		};
		4F13011C2787BC010003E6B2 /* RSSchool_T12UITests */ = {
			isa = PBXGroup;
			children = (
				4F13011D2787BC010003E6B2 /* RSSchool_T12UITests.swift */,
				4F13011F2787BC010003E6B2 /* RSSchool_T12UITestsLaunchTests.swift */,
			);
			path = RSSchool_T12UITests;
			sourceTree = "<group>";
		};
		4F1301382787BDBF0003E6B2 /* Library */ = {
			isa = PBXGroup;
			children = (
				4FAF282B27A05742006F03EC /* ListAdapter */,
				4F4665F8278F849F00228418 /* Views */,
				4F68F356278DDCC0002E7859 /* Base */,
				4F68F342278CB2CA002E7859 /* Factories */,
				4F68F350278CC909002E7859 /* Helpers */,
				4F68F34A278CB398002E7859 /* Protocols */,
				4F1301392787BDBF0003E6B2 /* Extensions */,
			);
			path = Library;
			sourceTree = "<group>";
		};
		4F1301392787BDBF0003E6B2 /* Extensions */ = {
			isa = PBXGroup;
			children = (
				4F13013A2787BDBF0003E6B2 /* UIColor + Assets.swift */,
				4F13013B2787BDBF0003E6B2 /* UIFont.swift */,
				4F13013C2787BDBF0003E6B2 /* UIImage + Assets.swift */,
				4F68F353278DA698002E7859 /* UIApplication.swift */,
				4F0D486027959FD9008FF92D /* UIView.swift */,
			);
			path = Extensions;
			sourceTree = "<group>";
		};
		4F1301402787BDCE0003E6B2 /* Resources */ = {
			isa = PBXGroup;
			children = (
				4F1301422787BDCE0003E6B2 /* Fonts */,
				4F1301052787BC010003E6B2 /* Assets.xcassets */,
				4F68F33C278CAE40002E7859 /* Constants.swift */,
			);
			path = Resources;
			sourceTree = "<group>";
		};
		4F1301422787BDCE0003E6B2 /* Fonts */ = {
			isa = PBXGroup;
			children = (
				4F1301462787BEA40003E6B2 /* Montserrat-Medium.ttf */,
				4F1301472787BEBC0003E6B2 /* Montserrat-Regular.ttf */,
				4F1301442787BEA40003E6B2 /* Montserrat-SemiBold.ttf */,
			);
			path = Fonts;
			sourceTree = "<group>";
		};
		4F14781D27B3ED2A00A18644 /* Alert */ = {
			isa = PBXGroup;
			children = (
				4F14781E27B3F08000A18644 /* AlertViewController.swift */,
				4F14781F27B3F08000A18644 /* AlertViewController.xib */,
			);
			path = Alert;
			sourceTree = "<group>";
		};
		4F14782427B42F7D00A18644 /* Service */ = {
			isa = PBXGroup;
			children = (
				4F14782227B401C100A18644 /* AlertService.swift */,
			);
			path = Service;
			sourceTree = "<group>";
		};
		4F14782527B6810E00A18644 /* WalletSettings */ = {
			isa = PBXGroup;
			children = (
				4F14782627B6812400A18644 /* Coordinator */,
				EB1B0F11243035DAD1CB64BE /* WalletSettings */,
				2CBB2BD7DD22539E4AE65E47 /* ColorThemes */,
				3E4F8BCF085295F72D36D16A /* CurrencyList */,
			);
			path = WalletSettings;
			sourceTree = "<group>";
		};
		4F14782627B6812400A18644 /* Coordinator */ = {
			isa = PBXGroup;
			children = (
				4F14782727B6838B00A18644 /* WalletSettingsCoordinator.swift */,
				4F14782927B683A800A18644 /* WalletSettingsCoordinatorOutput.swift */,
			);
			path = Coordinator;
			sourceTree = "<group>";
		};
		4F4665F8278F849F00228418 /* Views */ = {
			isa = PBXGroup;
			children = (
				4F14781D27B3ED2A00A18644 /* Alert */,
				4F4665F9278F84AA00228418 /* NavigationBar */,
				4F466600279058E900228418 /* BarButton.swift */,
				4F4666062791F9AB00228418 /* GlassView.swift */,
				4F0D48A727971652008FF92D /* ThemeView.swift */,
				4F0D48AE27996BF6008FF92D /* TextField.swift */,
			);
			path = Views;
			sourceTree = "<group>";
		};
		4F4665F9278F84AA00228418 /* NavigationBar */ = {
			isa = PBXGroup;
			children = (
				4F4665FA278F84D400228418 /* NavigationBar.swift */,
				4F4665FC278F84DF00228418 /* NavigationBar.xib */,
			);
			path = NavigationBar;
			sourceTree = "<group>";
		};
		4F68F342278CB2CA002E7859 /* Factories */ = {
			isa = PBXGroup;
			children = (
				4F68F345278CB302002E7859 /* Coordinator */,
			);
			path = Factories;
			sourceTree = "<group>";
		};
		4F68F345278CB302002E7859 /* Coordinator */ = {
			isa = PBXGroup;
			children = (
				4F68F343278CB2E7002E7859 /* CoordinatorFactoryProtocol.swift */,
				4F68F336278CACD4002E7859 /* CoordinatorFactory.swift */,
			);
			path = Coordinator;
			sourceTree = "<group>";
		};
		4F68F34A278CB398002E7859 /* Protocols */ = {
			isa = PBXGroup;
			children = (
				4FAF282F27A1AE7E006F03EC /* ConfigurableCell.swift */,
				4FCF2623278CA907002C3E04 /* Coordinatable.swift */,
				4F68F338278CAD9C002E7859 /* Routable.swift */,
				4F68F33A278CADC6002E7859 /* Presentable.swift */,
				4F0D48AD279846F0008FF92D /* Background */,
			);
			path = Protocols;
			sourceTree = "<group>";
		};
		4F68F34B278CB4A8002E7859 /* Modules */ = {
			isa = PBXGroup;
			children = (
				4F68F355278DDBC9002E7859 /* Flows */,
			);
			path = Modules;
			sourceTree = "<group>";
		};
		4F68F34C278CB4AE002E7859 /* Main */ = {
			isa = PBXGroup;
			children = (
				4F68F34F278CC3AD002E7859 /* Coordinator */,
				B224AE7289D42006ABB484D6 /* WalletList */,
				4F14782527B6810E00A18644 /* WalletSettings */,
			);
			path = Main;
			sourceTree = "<group>";
		};
		4F68F34F278CC3AD002E7859 /* Coordinator */ = {
			isa = PBXGroup;
			children = (
				4F68F34D278CB4DB002E7859 /* MainCoordinatorOutput.swift */,
				4F68F340278CB049002E7859 /* MainCoordinator.swift */,
			);
			path = Coordinator;
			sourceTree = "<group>";
		};
		4F68F350278CC909002E7859 /* Helpers */ = {
			isa = PBXGroup;
			children = (
				4F68F351278CC914002E7859 /* Router.swift */,
				4FAF283527A42F67006F03EC /* Currency.swift */,
			);
			path = Helpers;
			sourceTree = "<group>";
		};
		4F68F355278DDBC9002E7859 /* Flows */ = {
			isa = PBXGroup;
			children = (
				4F68F34C278CB4AE002E7859 /* Main */,
			);
			path = Flows;
			sourceTree = "<group>";
		};
		4F68F356278DDCC0002E7859 /* Base */ = {
			isa = PBXGroup;
			children = (
				4FCF2621278CA8CD002C3E04 /* BaseCoordinator.swift */,
			);
			path = Base;
			sourceTree = "<group>";
		};
		4FAF2826279EFCE9006F03EC /* ColorThemesCollectionViewCell */ = {
			isa = PBXGroup;
			children = (
				4FAF2827279F003D006F03EC /* ColorThemesCollectionViewCell.swift */,
				4FAF2828279F003D006F03EC /* ColorThemesCollectionViewCell.xib */,
			);
			path = ColorThemesCollectionViewCell;
			sourceTree = "<group>";
		};
		4FAF282B27A05742006F03EC /* ListAdapter */ = {
			isa = PBXGroup;
			children = (
				4FAF282C27A05836006F03EC /* ListAdapter.swift */,
			);
			path = ListAdapter;
			sourceTree = "<group>";
		};
		4FAF283B27A95A0E006F03EC /* CurrencyListCollectionViewCell */ = {
			isa = PBXGroup;
			children = (
				4FAF283727A95A01006F03EC /* CurrencyListCollectionViewCell.swift */,
				4FAF283827A95A02006F03EC /* CurrencyListCollectionViewCell.xib */,
			);
			path = CurrencyListCollectionViewCell;
			sourceTree = "<group>";
		};
		4FAF283C27A96026006F03EC /* ViewModel */ = {
			isa = PBXGroup;
			children = (
				4FAF283D27A9605B006F03EC /* CurrencyCellViewModel.swift */,
				4FAF285127B19E65006F03EC /* WalletSettingsViewModel.swift */,
			);
			path = ViewModel;
			sourceTree = "<group>";
		};
		4FCF261F278CA88C002C3E04 /* Application */ = {
			isa = PBXGroup;
			children = (
				4F1300F92787BBFF0003E6B2 /* AppDelegate.swift */,
				4F1300FB2787BBFF0003E6B2 /* SceneDelegate.swift */,
				4F68F334278CABF0002E7859 /* AppCoordinator.swift */,
				4F0D485E27921A5B008FF92D /* Info.plist */,
				4F1301072787BC010003E6B2 /* LaunchScreen.storyboard */,
			);
			path = Application;
			sourceTree = "<group>";
		};
		72A0B1182249F225EE4BF25D /* Configurator */ = {
			isa = PBXGroup;
			children = (
				0CEE8C89904D33803F922C36 /* WalletListModuleConfigurator.swift */,
			);
			path = Configurator;
			sourceTree = "<group>";
		};
		9648656655681C7498DACAA9 /* View */ = {
			isa = PBXGroup;
			children = (
				9252D5CD08C90ED47EA5CB9A /* WalletSettingsViewInput.swift */,
				E6701DDBB21067B9FF41BFB4 /* WalletSettingsViewOutput.swift */,
				4F0D489D2796E983008FF92D /* WalletSettingsViewController.swift */,
				4F0D489E2796E983008FF92D /* WalletSettingsViewController.xib */,
			);
			path = View;
			sourceTree = "<group>";
		};
		A0B67F183228C5740DD5DED4 /* View */ = {
			isa = PBXGroup;
			children = (
				4FAF2826279EFCE9006F03EC /* ColorThemesCollectionViewCell */,
				F4C15747104CAAEEA7D3F4B9 /* ColorThemesViewController.swift */,
				0EA1AA0D58EFB75182122ED7 /* ColorThemesViewInput.swift */,
				E41E3B9CA05464C74917C7AE /* ColorThemesViewOutput.swift */,
			);
			path = View;
			sourceTree = "<group>";
		};
		B224AE7289D42006ABB484D6 /* WalletList */ = {
			isa = PBXGroup;
			children = (
				72A0B1182249F225EE4BF25D /* Configurator */,
				FE6A2E58AA1D23BCC6175A80 /* Presenter */,
				E48E5D870899B8F503694574 /* View */,
			);
			path = WalletList;
			sourceTree = "<group>";
		};
		BA5B675E302E0FAD2C147E2F /* Configurator */ = {
			isa = PBXGroup;
			children = (
				9D2887074F007B1C6BF5937A /* WalletSettingsModuleConfigurator.swift */,
			);
			path = Configurator;
			sourceTree = "<group>";
		};
		DF11420354E13CE6D71D90BE /* Configurator */ = {
			isa = PBXGroup;
			children = (
				A14E96D02C33404AA2AFB010 /* CurrencyListModuleConfigurator.swift */,
			);
			path = Configurator;
			sourceTree = "<group>";
		};
		E150AEA8A3011C6A7AF53CB6 /* View */ = {
			isa = PBXGroup;
			children = (
				441C72429C9C60DA903538B4 /* CurrencyListViewController.swift */,
				770A9E26779A2829223EB10D /* CurrencyListViewInput.swift */,
				86911A71C4CC7BCCF1DC31B0 /* CurrencyListViewOutput.swift */,
				4FAF283B27A95A0E006F03EC /* CurrencyListCollectionViewCell */,
			);
			path = View;
			sourceTree = "<group>";
		};
		E48E5D870899B8F503694574 /* View */ = {
			isa = PBXGroup;
			children = (
				ED49872B6E4C4B6F1747BFE4 /* WalletListViewInput.swift */,
				F7F2810ED06832466D30539A /* WalletListViewOutput.swift */,
				4F14782B27B6AC2600A18644 /* WalletListViewController.swift */,
				4F14782C27B6AC2600A18644 /* WalletListViewController.xib */,
			);
			path = View;
			sourceTree = "<group>";
		};
		EA3FC6D83F390D413486657D /* Presenter */ = {
			isa = PBXGroup;
			children = (
				F36714DAA2E73EEDC40230C3 /* ColorThemesPresenter.swift */,
				A164D01330F8B0A5B0E7606A /* ColorThemesModuleInput.swift */,
				29FDDE1999A3BB275724F9D1 /* ColorThemesModuleOutput.swift */,
			);
			path = Presenter;
			sourceTree = "<group>";
		};
		EB1B0F11243035DAD1CB64BE /* WalletSettings */ = {
			isa = PBXGroup;
			children = (
				BA5B675E302E0FAD2C147E2F /* Configurator */,
				2FF3BB7C9B16AE2F93F4D3C9 /* Presenter */,
				9648656655681C7498DACAA9 /* View */,
			);
			path = WalletSettings;
			sourceTree = "<group>";
		};
		FE6A2E58AA1D23BCC6175A80 /* Presenter */ = {
			isa = PBXGroup;
			children = (
				BED2571FB86B01E029E2ECA0 /* WalletListPresenter.swift */,
				6FC13F0C8C1E7013072A3A7A /* WalletListModuleInput.swift */,
				D31794EB6A7CE21FEBEB33BF /* WalletListModuleOutput.swift */,
			);
			path = Presenter;
			sourceTree = "<group>";
		};
/* End PBXGroup section */

/* Begin PBXNativeTarget section */
		4F1300F52787BBFF0003E6B2 /* RSSchool_T12 */ = {
			isa = PBXNativeTarget;
			buildConfigurationList = 4F1301232787BC010003E6B2 /* Build configuration list for PBXNativeTarget "RSSchool_T12" */;
			buildPhases = (
				4F1300F22787BBFF0003E6B2 /* Sources */,
				4F1300F32787BBFF0003E6B2 /* Frameworks */,
				4F1300F42787BBFF0003E6B2 /* Resources */,
			);
			buildRules = (
			);
			dependencies = (
			);
			name = RSSchool_T12;
			productName = RSSchool_T12;
			productReference = 4F1300F62787BBFF0003E6B2 /* RSSchool_T12.app */;
			productType = "com.apple.product-type.application";
		};
		4F13010E2787BC010003E6B2 /* RSSchool_T12Tests */ = {
			isa = PBXNativeTarget;
			buildConfigurationList = 4F1301262787BC010003E6B2 /* Build configuration list for PBXNativeTarget "RSSchool_T12Tests" */;
			buildPhases = (
				4F13010B2787BC010003E6B2 /* Sources */,
				4F13010C2787BC010003E6B2 /* Frameworks */,
				4F13010D2787BC010003E6B2 /* Resources */,
			);
			buildRules = (
			);
			dependencies = (
				4F1301112787BC010003E6B2 /* PBXTargetDependency */,
			);
			name = RSSchool_T12Tests;
			productName = RSSchool_T12Tests;
			productReference = 4F13010F2787BC010003E6B2 /* RSSchool_T12Tests.xctest */;
			productType = "com.apple.product-type.bundle.unit-test";
		};
		4F1301182787BC010003E6B2 /* RSSchool_T12UITests */ = {
			isa = PBXNativeTarget;
			buildConfigurationList = 4F1301292787BC010003E6B2 /* Build configuration list for PBXNativeTarget "RSSchool_T12UITests" */;
			buildPhases = (
				4F1301152787BC010003E6B2 /* Sources */,
				4F1301162787BC010003E6B2 /* Frameworks */,
				4F1301172787BC010003E6B2 /* Resources */,
			);
			buildRules = (
			);
			dependencies = (
				4F13011B2787BC010003E6B2 /* PBXTargetDependency */,
			);
			name = RSSchool_T12UITests;
			productName = RSSchool_T12UITests;
			productReference = 4F1301192787BC010003E6B2 /* RSSchool_T12UITests.xctest */;
			productType = "com.apple.product-type.bundle.ui-testing";
		};
/* End PBXNativeTarget section */

/* Begin PBXProject section */
		4F1300EE2787BBFF0003E6B2 /* Project object */ = {
			isa = PBXProject;
			attributes = {
				BuildIndependentTargetsInParallel = 1;
				LastSwiftUpdateCheck = 1320;
				LastUpgradeCheck = 1320;
				TargetAttributes = {
					4F1300F52787BBFF0003E6B2 = {
						CreatedOnToolsVersion = 13.2.1;
					};
					4F13010E2787BC010003E6B2 = {
						CreatedOnToolsVersion = 13.2.1;
						TestTargetID = 4F1300F52787BBFF0003E6B2;
					};
					4F1301182787BC010003E6B2 = {
						CreatedOnToolsVersion = 13.2.1;
						TestTargetID = 4F1300F52787BBFF0003E6B2;
					};
				};
			};
			buildConfigurationList = 4F1300F12787BBFF0003E6B2 /* Build configuration list for PBXProject "RSSchool_T12" */;
			compatibilityVersion = "Xcode 13.0";
			developmentRegion = en;
			hasScannedForEncodings = 0;
			knownRegions = (
				en,
				Base,
			);
			mainGroup = 4F1300ED2787BBFF0003E6B2;
			productRefGroup = 4F1300F72787BBFF0003E6B2 /* Products */;
			projectDirPath = "";
			projectRoot = "";
			targets = (
				4F1300F52787BBFF0003E6B2 /* RSSchool_T12 */,
				4F13010E2787BC010003E6B2 /* RSSchool_T12Tests */,
				4F1301182787BC010003E6B2 /* RSSchool_T12UITests */,
			);
		};
/* End PBXProject section */

/* Begin PBXResourcesBuildPhase section */
		4F1300F42787BBFF0003E6B2 /* Resources */ = {
			isa = PBXResourcesBuildPhase;
			buildActionMask = 2147483647;
			files = (
				4F466610279218F100228418 /* Montserrat-Regular.ttf in Resources */,
				4FAF283A27A95A02006F03EC /* CurrencyListCollectionViewCell.xib in Resources */,
				4F14782E27B6AC2600A18644 /* WalletListViewController.xib in Resources */,
				4F46660F279218EF00228418 /* Montserrat-Medium.ttf in Resources */,
				4FAF282A279F003D006F03EC /* ColorThemesCollectionViewCell.xib in Resources */,
				4F466611279218F300228418 /* Montserrat-SemiBold.ttf in Resources */,
				4F4665FD278F84DF00228418 /* NavigationBar.xib in Resources */,
				4F0D48A02796E983008FF92D /* WalletSettingsViewController.xib in Resources */,
				4F1301092787BC010003E6B2 /* LaunchScreen.storyboard in Resources */,
				4F1301062787BC010003E6B2 /* Assets.xcassets in Resources */,
				4F14782127B3F08000A18644 /* AlertViewController.xib in Resources */,
			);
			runOnlyForDeploymentPostprocessing = 0;
		};
		4F13010D2787BC010003E6B2 /* Resources */ = {
			isa = PBXResourcesBuildPhase;
			buildActionMask = 2147483647;
			files = (
			);
			runOnlyForDeploymentPostprocessing = 0;
		};
		4F1301172787BC010003E6B2 /* Resources */ = {
			isa = PBXResourcesBuildPhase;
			buildActionMask = 2147483647;
			files = (
			);
			runOnlyForDeploymentPostprocessing = 0;
		};
/* End PBXResourcesBuildPhase section */

/* Begin PBXSourcesBuildPhase section */
		4F1300F22787BBFF0003E6B2 /* Sources */ = {
			isa = PBXSourcesBuildPhase;
			buildActionMask = 2147483647;
			files = (
				4F0D48A62796F8AE008FF92D /* ColorThemeManager.swift in Sources */,
				4FAF283927A95A02006F03EC /* CurrencyListCollectionViewCell.swift in Sources */,
				4F13013F2787BDBF0003E6B2 /* UIImage + Assets.swift in Sources */,
				4F68F344278CB2E7002E7859 /* CoordinatorFactoryProtocol.swift in Sources */,
				4F13013D2787BDBF0003E6B2 /* UIColor + Assets.swift in Sources */,
				4F4665FB278F84D400228418 /* NavigationBar.swift in Sources */,
				4F1301042787BBFF0003E6B2 /* RSSchool_T12.xcdatamodeld in Sources */,
				4F1300FA2787BBFF0003E6B2 /* AppDelegate.swift in Sources */,
				4F68F352278CC914002E7859 /* Router.swift in Sources */,
				4F0D48AC279842BF008FF92D /* BackgroundViewType.swift in Sources */,
				4F0D48A32796F306008FF92D /* ColorTheme.swift in Sources */,
				4FAF2829279F003D006F03EC /* ColorThemesCollectionViewCell.swift in Sources */,
				4F68F339278CAD9C002E7859 /* Routable.swift in Sources */,
				4F68F354278DA698002E7859 /* UIApplication.swift in Sources */,
				4F68F33B278CADC6002E7859 /* Presentable.swift in Sources */,
				4F68F34E278CB4DB002E7859 /* MainCoordinatorOutput.swift in Sources */,
				4F0D489F2796E983008FF92D /* WalletSettingsViewController.swift in Sources */,
				4FCF2622278CA8CD002C3E04 /* BaseCoordinator.swift in Sources */,
				4FAF282D27A05836006F03EC /* ListAdapter.swift in Sources */,
				4FAF283027A1AE7E006F03EC /* ConfigurableCell.swift in Sources */,
				4FAF285027B176C5006F03EC /* Transaction+CoreDataProperties.swift in Sources */,
				4FAF284F27B176C5006F03EC /* Transaction+CoreDataClass.swift in Sources */,
				4F0D48AF27996BF6008FF92D /* TextField.swift in Sources */,
				4F68F33D278CAE40002E7859 /* Constants.swift in Sources */,
				4FCF2624278CA907002C3E04 /* Coordinatable.swift in Sources */,
				4F68F335278CABF0002E7859 /* AppCoordinator.swift in Sources */,
				4FAF284D27B176C5006F03EC /* Wallet+CoreDataClass.swift in Sources */,
				4F13013E2787BDBF0003E6B2 /* UIFont.swift in Sources */,
				4F4666072791F9AB00228418 /* GlassView.swift in Sources */,
				4F1300FC2787BBFF0003E6B2 /* SceneDelegate.swift in Sources */,
				4F466601279058E900228418 /* BarButton.swift in Sources */,
				4F68F341278CB049002E7859 /* MainCoordinator.swift in Sources */,
				4F0D48AA27983FFB008FF92D /* BackgroundPresentable.swift in Sources */,
				4F0D486127959FD9008FF92D /* UIView.swift in Sources */,
				4F68F337278CACD4002E7859 /* CoordinatorFactory.swift in Sources */,
				4F14782D27B6AC2600A18644 /* WalletListViewController.swift in Sources */,
				4FAF284027AD66C8006F03EC /* DataStoreManager.swift in Sources */,
				53E2862CB967D2D15281F9B9 /* WalletSettingsViewInput.swift in Sources */,
				4FAF285227B19E65006F03EC /* WalletSettingsViewModel.swift in Sources */,
				4FAF283E27A9605C006F03EC /* CurrencyCellViewModel.swift in Sources */,
				9FB7892A597DA8F8FA11A295 /* WalletSettingsViewOutput.swift in Sources */,
				84EF12AF53D36C4A9D9ED12E /* WalletSettingsModuleConfigurator.swift in Sources */,
				F22B1F1FE9313CF3A197F185 /* CreateWalletPresenter.swift in Sources */,
				8F1635240987BB10C27FC103 /* WalletSettingsModuleInput.swift in Sources */,
				4F0D48A827971652008FF92D /* ThemeView.swift in Sources */,
				3CAB5E9AA8111FF270C189B3 /* WalletSettingsModuleOutput.swift in Sources */,
				A8508F831E8D2E8F0FF7E155 /* ColorThemesModuleConfigurator.swift in Sources */,
				B8ECD4D8208D7E5F6CC76444 /* ColorThemesPresenter.swift in Sources */,
				4F14782A27B683A800A18644 /* WalletSettingsCoordinatorOutput.swift in Sources */,
				C4570DA4E8F70E5FBC21F0B0 /* ColorThemesModuleInput.swift in Sources */,
				E6C41A86AE64BB1D5328C2A7 /* ColorThemesModuleOutput.swift in Sources */,
				4FAF284E27B176C5006F03EC /* Wallet+CoreDataProperties.swift in Sources */,
				1F44ECEC82D59F617BFEDA25 /* ColorThemesViewController.swift in Sources */,
				A94AE06218D3CDD8CD3B3800 /* ColorThemesViewInput.swift in Sources */,
				4F14782327B401C100A18644 /* AlertService.swift in Sources */,
				4FAF283627A42F67006F03EC /* Currency.swift in Sources */,
				9CE9B6890C53A7C4103851B5 /* ColorThemesViewOutput.swift in Sources */,
				D2CB3EB084BAB89B23709557 /* CurrencyListModuleConfigurator.swift in Sources */,
				4F14782827B6838B00A18644 /* WalletSettingsCoordinator.swift in Sources */,
				2FA84CE8D7B1AE618EDB33FF /* CurrencyListPresenter.swift in Sources */,
				C2C7796C6FE99E4A1ED24026 /* CurrencyListModuleInput.swift in Sources */,
				53D495EB2173F11EA9C64AB8 /* CurrencyListModuleOutput.swift in Sources */,
				B90DC9D11FC20AA3AEFC7B80 /* CurrencyListViewController.swift in Sources */,
				2F28011D76AEE867FC2553F2 /* CurrencyListViewInput.swift in Sources */,
				FE7BEFFEB730AF6E01B52D8B /* CurrencyListViewOutput.swift in Sources */,
				4F14782027B3F08000A18644 /* AlertViewController.swift in Sources */,
				1AAFA9C21A965494810D69E8 /* WalletListModuleConfigurator.swift in Sources */,
				899829EE74918F4B0D07AB47 /* WalletListPresenter.swift in Sources */,
				27EAC919E40E7BDA78BCF271 /* WalletListModuleInput.swift in Sources */,
				01C35A1FDBA93C7888FC1B0B /* WalletListModuleOutput.swift in Sources */,
				27F3439ED966296888AFD00B /* WalletListViewInput.swift in Sources */,
				A536BAE04C8C56C67B161141 /* WalletListViewOutput.swift in Sources */,
			);
			runOnlyForDeploymentPostprocessing = 0;
		};
		4F13010B2787BC010003E6B2 /* Sources */ = {
			isa = PBXSourcesBuildPhase;
			buildActionMask = 2147483647;
			files = (
				4F1301142787BC010003E6B2 /* RSSchool_T12Tests.swift in Sources */,
			);
			runOnlyForDeploymentPostprocessing = 0;
		};
		4F1301152787BC010003E6B2 /* Sources */ = {
			isa = PBXSourcesBuildPhase;
			buildActionMask = 2147483647;
			files = (
				4F13011E2787BC010003E6B2 /* RSSchool_T12UITests.swift in Sources */,
				4F1301202787BC010003E6B2 /* RSSchool_T12UITestsLaunchTests.swift in Sources */,
			);
			runOnlyForDeploymentPostprocessing = 0;
		};
/* End PBXSourcesBuildPhase section */

/* Begin PBXTargetDependency section */
		4F1301112787BC010003E6B2 /* PBXTargetDependency */ = {
			isa = PBXTargetDependency;
			target = 4F1300F52787BBFF0003E6B2 /* RSSchool_T12 */;
			targetProxy = 4F1301102787BC010003E6B2 /* PBXContainerItemProxy */;
		};
		4F13011B2787BC010003E6B2 /* PBXTargetDependency */ = {
			isa = PBXTargetDependency;
			target = 4F1300F52787BBFF0003E6B2 /* RSSchool_T12 */;
			targetProxy = 4F13011A2787BC010003E6B2 /* PBXContainerItemProxy */;
		};
/* End PBXTargetDependency section */

/* Begin PBXVariantGroup section */
		4F1301072787BC010003E6B2 /* LaunchScreen.storyboard */ = {
			isa = PBXVariantGroup;
			children = (
				4F1301082787BC010003E6B2 /* Base */,
			);
			name = LaunchScreen.storyboard;
			sourceTree = "<group>";
		};
/* End PBXVariantGroup section */

/* Begin XCBuildConfiguration section */
		4F1301212787BC010003E6B2 /* Debug */ = {
			isa = XCBuildConfiguration;
			buildSettings = {
				ALWAYS_SEARCH_USER_PATHS = NO;
				CLANG_ANALYZER_NONNULL = YES;
				CLANG_ANALYZER_NUMBER_OBJECT_CONVERSION = YES_AGGRESSIVE;
				CLANG_CXX_LANGUAGE_STANDARD = "gnu++17";
				CLANG_CXX_LIBRARY = "libc++";
				CLANG_ENABLE_MODULES = YES;
				CLANG_ENABLE_OBJC_ARC = YES;
				CLANG_ENABLE_OBJC_WEAK = YES;
				CLANG_WARN_BLOCK_CAPTURE_AUTORELEASING = YES;
				CLANG_WARN_BOOL_CONVERSION = YES;
				CLANG_WARN_COMMA = YES;
				CLANG_WARN_CONSTANT_CONVERSION = YES;
				CLANG_WARN_DEPRECATED_OBJC_IMPLEMENTATIONS = YES;
				CLANG_WARN_DIRECT_OBJC_ISA_USAGE = YES_ERROR;
				CLANG_WARN_DOCUMENTATION_COMMENTS = YES;
				CLANG_WARN_EMPTY_BODY = YES;
				CLANG_WARN_ENUM_CONVERSION = YES;
				CLANG_WARN_INFINITE_RECURSION = YES;
				CLANG_WARN_INT_CONVERSION = YES;
				CLANG_WARN_NON_LITERAL_NULL_CONVERSION = YES;
				CLANG_WARN_OBJC_IMPLICIT_RETAIN_SELF = YES;
				CLANG_WARN_OBJC_LITERAL_CONVERSION = YES;
				CLANG_WARN_OBJC_ROOT_CLASS = YES_ERROR;
				CLANG_WARN_QUOTED_INCLUDE_IN_FRAMEWORK_HEADER = YES;
				CLANG_WARN_RANGE_LOOP_ANALYSIS = YES;
				CLANG_WARN_STRICT_PROTOTYPES = YES;
				CLANG_WARN_SUSPICIOUS_MOVE = YES;
				CLANG_WARN_UNGUARDED_AVAILABILITY = YES_AGGRESSIVE;
				CLANG_WARN_UNREACHABLE_CODE = YES;
				CLANG_WARN__DUPLICATE_METHOD_MATCH = YES;
				COPY_PHASE_STRIP = NO;
				DEBUG_INFORMATION_FORMAT = dwarf;
				ENABLE_STRICT_OBJC_MSGSEND = YES;
				ENABLE_TESTABILITY = YES;
				GCC_C_LANGUAGE_STANDARD = gnu11;
				GCC_DYNAMIC_NO_PIC = NO;
				GCC_NO_COMMON_BLOCKS = YES;
				GCC_OPTIMIZATION_LEVEL = 0;
				GCC_PREPROCESSOR_DEFINITIONS = (
					"DEBUG=1",
					"$(inherited)",
				);
				GCC_WARN_64_TO_32_BIT_CONVERSION = YES;
				GCC_WARN_ABOUT_RETURN_TYPE = YES_ERROR;
				GCC_WARN_UNDECLARED_SELECTOR = YES;
				GCC_WARN_UNINITIALIZED_AUTOS = YES_AGGRESSIVE;
				GCC_WARN_UNUSED_FUNCTION = YES;
				GCC_WARN_UNUSED_VARIABLE = YES;
				IPHONEOS_DEPLOYMENT_TARGET = 13.0;
				MTL_ENABLE_DEBUG_INFO = INCLUDE_SOURCE;
				MTL_FAST_MATH = YES;
				ONLY_ACTIVE_ARCH = YES;
				SDKROOT = iphoneos;
				SWIFT_ACTIVE_COMPILATION_CONDITIONS = DEBUG;
				SWIFT_OPTIMIZATION_LEVEL = "-Onone";
			};
			name = Debug;
		};
		4F1301222787BC010003E6B2 /* Release */ = {
			isa = XCBuildConfiguration;
			buildSettings = {
				ALWAYS_SEARCH_USER_PATHS = NO;
				CLANG_ANALYZER_NONNULL = YES;
				CLANG_ANALYZER_NUMBER_OBJECT_CONVERSION = YES_AGGRESSIVE;
				CLANG_CXX_LANGUAGE_STANDARD = "gnu++17";
				CLANG_CXX_LIBRARY = "libc++";
				CLANG_ENABLE_MODULES = YES;
				CLANG_ENABLE_OBJC_ARC = YES;
				CLANG_ENABLE_OBJC_WEAK = YES;
				CLANG_WARN_BLOCK_CAPTURE_AUTORELEASING = YES;
				CLANG_WARN_BOOL_CONVERSION = YES;
				CLANG_WARN_COMMA = YES;
				CLANG_WARN_CONSTANT_CONVERSION = YES;
				CLANG_WARN_DEPRECATED_OBJC_IMPLEMENTATIONS = YES;
				CLANG_WARN_DIRECT_OBJC_ISA_USAGE = YES_ERROR;
				CLANG_WARN_DOCUMENTATION_COMMENTS = YES;
				CLANG_WARN_EMPTY_BODY = YES;
				CLANG_WARN_ENUM_CONVERSION = YES;
				CLANG_WARN_INFINITE_RECURSION = YES;
				CLANG_WARN_INT_CONVERSION = YES;
				CLANG_WARN_NON_LITERAL_NULL_CONVERSION = YES;
				CLANG_WARN_OBJC_IMPLICIT_RETAIN_SELF = YES;
				CLANG_WARN_OBJC_LITERAL_CONVERSION = YES;
				CLANG_WARN_OBJC_ROOT_CLASS = YES_ERROR;
				CLANG_WARN_QUOTED_INCLUDE_IN_FRAMEWORK_HEADER = YES;
				CLANG_WARN_RANGE_LOOP_ANALYSIS = YES;
				CLANG_WARN_STRICT_PROTOTYPES = YES;
				CLANG_WARN_SUSPICIOUS_MOVE = YES;
				CLANG_WARN_UNGUARDED_AVAILABILITY = YES_AGGRESSIVE;
				CLANG_WARN_UNREACHABLE_CODE = YES;
				CLANG_WARN__DUPLICATE_METHOD_MATCH = YES;
				COPY_PHASE_STRIP = NO;
				DEBUG_INFORMATION_FORMAT = "dwarf-with-dsym";
				ENABLE_NS_ASSERTIONS = NO;
				ENABLE_STRICT_OBJC_MSGSEND = YES;
				GCC_C_LANGUAGE_STANDARD = gnu11;
				GCC_NO_COMMON_BLOCKS = YES;
				GCC_WARN_64_TO_32_BIT_CONVERSION = YES;
				GCC_WARN_ABOUT_RETURN_TYPE = YES_ERROR;
				GCC_WARN_UNDECLARED_SELECTOR = YES;
				GCC_WARN_UNINITIALIZED_AUTOS = YES_AGGRESSIVE;
				GCC_WARN_UNUSED_FUNCTION = YES;
				GCC_WARN_UNUSED_VARIABLE = YES;
				IPHONEOS_DEPLOYMENT_TARGET = 13.0;
				MTL_ENABLE_DEBUG_INFO = NO;
				MTL_FAST_MATH = YES;
				SDKROOT = iphoneos;
				SWIFT_COMPILATION_MODE = wholemodule;
				SWIFT_OPTIMIZATION_LEVEL = "-O";
				VALIDATE_PRODUCT = YES;
			};
			name = Release;
		};
		4F1301242787BC010003E6B2 /* Debug */ = {
			isa = XCBuildConfiguration;
			buildSettings = {
				ASSETCATALOG_COMPILER_APPICON_NAME = AppIcon;
				ASSETCATALOG_COMPILER_GLOBAL_ACCENT_COLOR_NAME = AccentColor;
				CODE_SIGN_STYLE = Automatic;
				CURRENT_PROJECT_VERSION = 1;
				DEVELOPMENT_TEAM = 28423D34T2;
				GENERATE_INFOPLIST_FILE = YES;
				INFOPLIST_FILE = RSSchool_T12/Application/Info.plist;
				INFOPLIST_KEY_UIApplicationSupportsIndirectInputEvents = YES;
				INFOPLIST_KEY_UILaunchStoryboardName = LaunchScreen;
				INFOPLIST_KEY_UISupportedInterfaceOrientations = UIInterfaceOrientationPortrait;
				INFOPLIST_KEY_UISupportedInterfaceOrientations_iPad = "UIInterfaceOrientationPortrait UIInterfaceOrientationPortraitUpsideDown UIInterfaceOrientationLandscapeLeft UIInterfaceOrientationLandscapeRight";
				INFOPLIST_KEY_UISupportedInterfaceOrientations_iPhone = "UIInterfaceOrientationPortrait UIInterfaceOrientationLandscapeLeft UIInterfaceOrientationLandscapeRight";
				IPHONEOS_DEPLOYMENT_TARGET = 13.0;
				LD_RUNPATH_SEARCH_PATHS = (
					"$(inherited)",
					"@executable_path/Frameworks",
				);
				MARKETING_VERSION = 1.0;
				PRODUCT_BUNDLE_IDENTIFIER = "eatsthesoul.RSSchool-T12";
				PRODUCT_NAME = "$(TARGET_NAME)";
				SWIFT_EMIT_LOC_STRINGS = YES;
				SWIFT_VERSION = 5.0;
				TARGETED_DEVICE_FAMILY = "1,2";
			};
			name = Debug;
		};
		4F1301252787BC010003E6B2 /* Release */ = {
			isa = XCBuildConfiguration;
			buildSettings = {
				ASSETCATALOG_COMPILER_APPICON_NAME = AppIcon;
				ASSETCATALOG_COMPILER_GLOBAL_ACCENT_COLOR_NAME = AccentColor;
				CODE_SIGN_STYLE = Automatic;
				CURRENT_PROJECT_VERSION = 1;
				DEVELOPMENT_TEAM = 28423D34T2;
				GENERATE_INFOPLIST_FILE = YES;
				INFOPLIST_FILE = RSSchool_T12/Application/Info.plist;
				INFOPLIST_KEY_UIApplicationSupportsIndirectInputEvents = YES;
				INFOPLIST_KEY_UILaunchStoryboardName = LaunchScreen;
				INFOPLIST_KEY_UISupportedInterfaceOrientations = UIInterfaceOrientationPortrait;
				INFOPLIST_KEY_UISupportedInterfaceOrientations_iPad = "UIInterfaceOrientationPortrait UIInterfaceOrientationPortraitUpsideDown UIInterfaceOrientationLandscapeLeft UIInterfaceOrientationLandscapeRight";
				INFOPLIST_KEY_UISupportedInterfaceOrientations_iPhone = "UIInterfaceOrientationPortrait UIInterfaceOrientationLandscapeLeft UIInterfaceOrientationLandscapeRight";
				IPHONEOS_DEPLOYMENT_TARGET = 13.0;
				LD_RUNPATH_SEARCH_PATHS = (
					"$(inherited)",
					"@executable_path/Frameworks",
				);
				MARKETING_VERSION = 1.0;
				PRODUCT_BUNDLE_IDENTIFIER = "eatsthesoul.RSSchool-T12";
				PRODUCT_NAME = "$(TARGET_NAME)";
				SWIFT_EMIT_LOC_STRINGS = YES;
				SWIFT_VERSION = 5.0;
				TARGETED_DEVICE_FAMILY = "1,2";
			};
			name = Release;
		};
		4F1301272787BC010003E6B2 /* Debug */ = {
			isa = XCBuildConfiguration;
			buildSettings = {
				ALWAYS_EMBED_SWIFT_STANDARD_LIBRARIES = YES;
				BUNDLE_LOADER = "$(TEST_HOST)";
				CODE_SIGN_STYLE = Automatic;
				CURRENT_PROJECT_VERSION = 1;
				DEVELOPMENT_TEAM = 28423D34T2;
				GENERATE_INFOPLIST_FILE = YES;
				IPHONEOS_DEPLOYMENT_TARGET = 15.2;
				MARKETING_VERSION = 1.0;
				PRODUCT_BUNDLE_IDENTIFIER = "eatsthesoul.RSSchool-T12Tests";
				PRODUCT_NAME = "$(TARGET_NAME)";
				SWIFT_EMIT_LOC_STRINGS = NO;
				SWIFT_VERSION = 5.0;
				TARGETED_DEVICE_FAMILY = "1,2";
				TEST_HOST = "$(BUILT_PRODUCTS_DIR)/RSSchool_T12.app/RSSchool_T12";
			};
			name = Debug;
		};
		4F1301282787BC010003E6B2 /* Release */ = {
			isa = XCBuildConfiguration;
			buildSettings = {
				ALWAYS_EMBED_SWIFT_STANDARD_LIBRARIES = YES;
				BUNDLE_LOADER = "$(TEST_HOST)";
				CODE_SIGN_STYLE = Automatic;
				CURRENT_PROJECT_VERSION = 1;
				DEVELOPMENT_TEAM = 28423D34T2;
				GENERATE_INFOPLIST_FILE = YES;
				IPHONEOS_DEPLOYMENT_TARGET = 15.2;
				MARKETING_VERSION = 1.0;
				PRODUCT_BUNDLE_IDENTIFIER = "eatsthesoul.RSSchool-T12Tests";
				PRODUCT_NAME = "$(TARGET_NAME)";
				SWIFT_EMIT_LOC_STRINGS = NO;
				SWIFT_VERSION = 5.0;
				TARGETED_DEVICE_FAMILY = "1,2";
				TEST_HOST = "$(BUILT_PRODUCTS_DIR)/RSSchool_T12.app/RSSchool_T12";
			};
			name = Release;
		};
		4F13012A2787BC010003E6B2 /* Debug */ = {
			isa = XCBuildConfiguration;
			buildSettings = {
				ALWAYS_EMBED_SWIFT_STANDARD_LIBRARIES = YES;
				CODE_SIGN_STYLE = Automatic;
				CURRENT_PROJECT_VERSION = 1;
				DEVELOPMENT_TEAM = 28423D34T2;
				GENERATE_INFOPLIST_FILE = YES;
				MARKETING_VERSION = 1.0;
				PRODUCT_BUNDLE_IDENTIFIER = "eatsthesoul.RSSchool-T12UITests";
				PRODUCT_NAME = "$(TARGET_NAME)";
				SWIFT_EMIT_LOC_STRINGS = NO;
				SWIFT_VERSION = 5.0;
				TARGETED_DEVICE_FAMILY = "1,2";
				TEST_TARGET_NAME = RSSchool_T12;
			};
			name = Debug;
		};
		4F13012B2787BC010003E6B2 /* Release */ = {
			isa = XCBuildConfiguration;
			buildSettings = {
				ALWAYS_EMBED_SWIFT_STANDARD_LIBRARIES = YES;
				CODE_SIGN_STYLE = Automatic;
				CURRENT_PROJECT_VERSION = 1;
				DEVELOPMENT_TEAM = 28423D34T2;
				GENERATE_INFOPLIST_FILE = YES;
				MARKETING_VERSION = 1.0;
				PRODUCT_BUNDLE_IDENTIFIER = "eatsthesoul.RSSchool-T12UITests";
				PRODUCT_NAME = "$(TARGET_NAME)";
				SWIFT_EMIT_LOC_STRINGS = NO;
				SWIFT_VERSION = 5.0;
				TARGETED_DEVICE_FAMILY = "1,2";
				TEST_TARGET_NAME = RSSchool_T12;
			};
			name = Release;
		};
/* End XCBuildConfiguration section */

/* Begin XCConfigurationList section */
		4F1300F12787BBFF0003E6B2 /* Build configuration list for PBXProject "RSSchool_T12" */ = {
			isa = XCConfigurationList;
			buildConfigurations = (
				4F1301212787BC010003E6B2 /* Debug */,
				4F1301222787BC010003E6B2 /* Release */,
			);
			defaultConfigurationIsVisible = 0;
			defaultConfigurationName = Release;
		};
		4F1301232787BC010003E6B2 /* Build configuration list for PBXNativeTarget "RSSchool_T12" */ = {
			isa = XCConfigurationList;
			buildConfigurations = (
				4F1301242787BC010003E6B2 /* Debug */,
				4F1301252787BC010003E6B2 /* Release */,
			);
			defaultConfigurationIsVisible = 0;
			defaultConfigurationName = Release;
		};
		4F1301262787BC010003E6B2 /* Build configuration list for PBXNativeTarget "RSSchool_T12Tests" */ = {
			isa = XCConfigurationList;
			buildConfigurations = (
				4F1301272787BC010003E6B2 /* Debug */,
				4F1301282787BC010003E6B2 /* Release */,
			);
			defaultConfigurationIsVisible = 0;
			defaultConfigurationName = Release;
		};
		4F1301292787BC010003E6B2 /* Build configuration list for PBXNativeTarget "RSSchool_T12UITests" */ = {
			isa = XCConfigurationList;
			buildConfigurations = (
				4F13012A2787BC010003E6B2 /* Debug */,
				4F13012B2787BC010003E6B2 /* Release */,
			);
			defaultConfigurationIsVisible = 0;
			defaultConfigurationName = Release;
		};
/* End XCConfigurationList section */

/* Begin XCVersionGroup section */
		4F1301022787BBFF0003E6B2 /* RSSchool_T12.xcdatamodeld */ = {
			isa = XCVersionGroup;
			children = (
				4F1301032787BBFF0003E6B2 /* RSSchool_T12.xcdatamodel */,
			);
			currentVersion = 4F1301032787BBFF0003E6B2 /* RSSchool_T12.xcdatamodel */;
			path = RSSchool_T12.xcdatamodeld;
			sourceTree = "<group>";
			versionGroupType = wrapper.xcdatamodel;
		};
/* End XCVersionGroup section */
	};
	rootObject = 4F1300EE2787BBFF0003E6B2 /* Project object */;
}
